
Microsoft Visual Studio Solution File, Format Version 12.00
# Visual Studio Version 18
VisualStudioVersion = 18.7.11919.86
MinimumVisualStudioVersion = 10.0.40219.1
Project("{2150E333-8FDC-42A3-9474-1A3956D46DE8}") = "ara3d-sdk", "ara3d-sdk", "{1B59A36D-0754-456B-B35F-1959C2F3EC04}"
	ProjectSection(SolutionItems) = preProject
		ara3d-sdk\README.md = ara3d-sdk\README.md
	EndProjectSection
EndProject
Project("{2150E333-8FDC-42A3-9474-1A3956D46DE8}") = "tests", "tests", "{DCB68EF5-DDB4-4500-A98A-83FF4DCF214B}"
EndProject
Project("{FAE04EC0-301F-11D3-BF4B-00C04F79EFBC}") = "Ara3D.Utils.Dev", "tests\Ara3D.Utils.Dev\Ara3D.Utils.Dev.csproj", "{A9759006-E335-402C-A409-22E5945CCA99}"
EndProject
Project("{FAE04EC0-301F-11D3-BF4B-00C04F79EFBC}") = "Ara3D.SDK.Tests", "tests\Ara3D.SDK.Tests\Ara3D.SDK.Tests.csproj", "{7798BB6D-41E1-465B-A25C-8CF00755F006}"
EndProject
Project("{FAE04EC0-301F-11D3-BF4B-00C04F79EFBC}") = "Ara3D.SDK.DevTools", "tests\Ara3D.SDK.DevTools\Ara3D.SDK.DevTools.csproj", "{7EABB929-D3AD-4270-B81D-E7387CEA5399}"
EndProject
Project("{2150E333-8FDC-42A3-9474-1A3956D46DE8}") = "src", "src", "{86E6AC1B-22CB-40CB-9A41-7A4A2D1C472F}"
EndProject
Project("{D954291E-2A0B-460D-934E-DC6B0785DB48}") = "Plato.Intrinsics", "src\Plato.Intrinsics\Plato.Intrinsics.shproj", "{1F13FB85-3985-48EC-83BC-5335A83A21D5}"
EndProject
Project("{FAE04EC0-301F-11D3-BF4B-00C04F79EFBC}") = "Ara3D.Utils.Roslyn", "src\Ara3D.Utils.Roslyn\Ara3D.Utils.Roslyn.csproj", "{A3F0CD36-F523-491E-8812-79CF323D79B8}"
EndProject
Project("{FAE04EC0-301F-11D3-BF4B-00C04F79EFBC}") = "Ara3D.Utils", "src\Ara3D.Utils\Ara3D.Utils.csproj", "{FF87119D-5F08-47BE-882E-D6B803AFEAF9}"
EndProject
Project("{FAE04EC0-301F-11D3-BF4B-00C04F79EFBC}") = "Ara3D.Studio.API", "src\Ara3D.Studio.API\Ara3D.Studio.API.csproj", "{A6BDA269-8FF6-4A3D-8721-0C41E5C36470}"
EndProject
Project("{FAE04EC0-301F-11D3-BF4B-00C04F79EFBC}") = "Ara3D.Models", "src\Ara3D.Models\Ara3D.Models.csproj", "{B190E325-924D-4F7D-AA20-AA1495EE9670}"
EndProject
Project("{FAE04EC0-301F-11D3-BF4B-00C04F79EFBC}") = "Ara3D.Memory", "src\Ara3D.Memory\Ara3D.Memory.csproj", "{52B08F0F-548E-4971-8732-0FD29B4B08D9}"
EndProject
Project("{FAE04EC0-301F-11D3-BF4B-00C04F79EFBC}") = "Ara3D.Logging", "src\Ara3D.Logging\Ara3D.Logging.csproj", "{6C4333B9-9210-4FB4-83D3-48CC0B15717E}"
EndProject
Project("{FAE04EC0-301F-11D3-BF4B-00C04F79EFBC}") = "Ara3D.IO.VIM", "src\Ara3D.IO.VIM\Ara3D.IO.VIM.csproj", "{F350630A-9B40-4312-B56F-1CFFED51099C}"
EndProject
Project("{FAE04EC0-301F-11D3-BF4B-00C04F79EFBC}") = "Ara3D.IO.StepParser", "src\Ara3D.IO.StepParser\Ara3D.IO.StepParser.csproj", "{3AFD493E-D5E9-434A-AC19-03A5C2681F08}"
EndProject
Project("{FAE04EC0-301F-11D3-BF4B-00C04F79EFBC}") = "Ara3D.IO.G3D", "src\Ara3D.IO.G3D\Ara3D.IO.G3D.csproj", "{70D43D5A-9B35-482E-8771-49913224C594}"
EndProject
Project("{FAE04EC0-301F-11D3-BF4B-00C04F79EFBC}") = "Ara3D.IO.BFAST", "src\Ara3D.IO.BFAST\Ara3D.IO.BFAST.csproj", "{4667D5BA-520F-4D9E-A277-7B24B05B7BEC}"
EndProject
Project("{FAE04EC0-301F-11D3-BF4B-00C04F79EFBC}") = "Ara3D.Domo", "wip\Ara3D.Domo\Ara3D.Domo.csproj", "{3F517AF6-FABD-4C86-856E-2BA95DB1B71E}"
EndProject
Project("{FAE04EC0-301F-11D3-BF4B-00C04F79EFBC}") = "Ara3D.DataTable", "src\Ara3D.DataTable\Ara3D.DataTable.csproj", "{A2950621-380C-4C30-BCB5-A297E9D75AB4}"
EndProject
Project("{FAE04EC0-301F-11D3-BF4B-00C04F79EFBC}") = "Ara3D.Collections", "src\Ara3D.Collections\Ara3D.Collections.csproj", "{B94A8180-08DC-405D-9A33-84185B7B8B79}"
EndProject
Project("{2150E333-8FDC-42A3-9474-1A3956D46DE8}") = "examples", "examples", "{2F9EC201-24DE-477C-8205-7C8D3140E2E4}"
EndProject
Project("{FAE04EC0-301F-11D3-BF4B-00C04F79EFBC}") = "Ara3D.Studio.Samples", "examples\Ara3D.Studio.Examples\Ara3D.Studio.Samples.csproj", "{DAC4DF39-8F45-4C80-AEB3-5BE1782369A8}"
EndProject
Project("{2150E333-8FDC-42A3-9474-1A3956D46DE8}") = "deprecated", "deprecated", "{76A8E3C0-E8CB-4252-ABB3-E7397BACC0E1}"
EndProject
Project("{FAE04EC0-301F-11D3-BF4B-00C04F79EFBC}") = "Ara3D.SDK", "src\Ara3D.SDK\Ara3D.SDK.csproj", "{A8FC3A4D-ECC0-4340-A2F9-310DBC65A3F3}"
EndProject
Project("{2150E333-8FDC-42A3-9474-1A3956D46DE8}") = "toolchain", "toolchain", "{69650BB6-4AFC-4F12-BBA3-9C23E5916FDA}"
EndProject
Project("{FAE04EC0-301F-11D3-BF4B-00C04F79EFBC}") = "Ara3D.Geometry", "src\Ara3D.Geometry\Ara3D.Geometry.csproj", "{7484A1E6-C89D-47DF-9C52-FC1A81A20C0A}"
EndProject
Project("{D954291E-2A0B-460D-934E-DC6B0785DB48}") = "Plato.Generated", "src\Plato.Generated\Plato.Generated.shproj", "{34F6F04C-82CC-42CD-BAA9-DAA121802B19}"
EndProject
Project("{FAE04EC0-301F-11D3-BF4B-00C04F79EFBC}") = "Ara3D.IO.GltfExporter", "src\Ara3D.IO.GltfExporter\Ara3D.IO.GltfExporter.csproj", "{476344CA-A960-4CEF-9708-72A58D6E73AB}"
EndProject
Project("{FAE04EC0-301F-11D3-BF4B-00C04F79EFBC}") = "Ara3D.IO.PLY", "src\Ara3D.IO.PLY\Ara3D.IO.PLY.csproj", "{A81B29B6-59EF-4167-A91A-7AF54B9AEEE7}"
EndProject
Project("{FAE04EC0-301F-11D3-BF4B-00C04F79EFBC}") = "Ara3D.Deprecated", "deprecated\Ara3D.Deprecated\Ara3D.Deprecated.csproj", "{BFF46B0B-A592-48C9-9FAC-5DA07EBA4E2B}"
EndProject
Project("{FAE04EC0-301F-11D3-BF4B-00C04F79EFBC}") = "Ara3D.WorkItems", "src\Ara3D.WorkItems\Ara3D.WorkItems.csproj", "{E4C6183D-D95A-4F03-869D-A78E2DDBD278}"
EndProject
Project("{FAE04EC0-301F-11D3-BF4B-00C04F79EFBC}") = "Ara3D.Events", "src\Ara3D.Events\Ara3D.Events.csproj", "{71615252-787C-4A20-93DB-9204A8F27574}"
EndProject
Project("{FAE04EC0-301F-11D3-BF4B-00C04F79EFBC}") = "Ara3D.IO.GeoJson", "src\Ara3D.IO.GeoJson\Ara3D.IO.GeoJson.csproj", "{04AB9E59-4E6B-4768-B764-BE5979515D7D}"
EndProject
Project("{FAE04EC0-301F-11D3-BF4B-00C04F79EFBC}") = "Ara3D.SDK.GeometryTests", "tests\Ara3D.SDK.GeometryTests\Ara3D.SDK.GeometryTests.csproj", "{64E4BE10-F888-413D-AB52-557C6E7FB4DB}"
EndProject
Project("{FAE04EC0-301F-11D3-BF4B-00C04F79EFBC}") = "Ara3D.PropKit", "src\Ara3D.PropKit\Ara3D.PropKit.csproj", "{37E31984-FAB4-EC8E-643A-D12D29F5FFB8}"
EndProject
Project("{2150E333-8FDC-42A3-9474-1A3956D46DE8}") = "ext", "ext", "{02EA681E-C7D8-13C7-8484-4AC65E1B71E8}"
EndProject
Project("{FAE04EC0-301F-11D3-BF4B-00C04F79EFBC}") = "Ara3D.BimOpenSchema.Browser", "apps\Ara3D.BimOpenSchema.Browser\Ara3D.BimOpenSchema.Browser.csproj", "{CE74E7CB-9C4D-0067-2131-D95058C2DC3C}"
EndProject
Project("{FAE04EC0-301F-11D3-BF4B-00C04F79EFBC}") = "Ara3D.BIMOpenSchema.Revit2025", "plugins\Ara3D.BIMOpenSchema.Revit2025\Ara3D.BIMOpenSchema.Revit2025.csproj", "{D0643C7B-956E-FE74-0AE0-D1BE8B79DE03}"
EndProject
Project("{FAE04EC0-301F-11D3-BF4B-00C04F79EFBC}") = "Ara3D.Bowerbird", "plugins\Ara3D.Bowerbird\Ara3D.Bowerbird.csproj", "{34B47F76-75CB-9A06-CA4F-120F27B158C6}"
EndProject
Project("{FAE04EC0-301F-11D3-BF4B-00C04F79EFBC}") = "Ara3D.Bowerbird.Demo", "plugins\Ara3D.Bowerbird.Demo\Ara3D.Bowerbird.Demo.csproj", "{6229C21C-6D70-1032-28BC-133D76232D58}"
EndProject
Project("{FAE04EC0-301F-11D3-BF4B-00C04F79EFBC}") = "Ara3D.Bowerbird.Revit2025", "plugins\Ara3D.Bowerbird.Revit2025\Ara3D.Bowerbird.Revit2025.csproj", "{90277AAC-20A2-6E3D-E777-523F529AF231}"
EndProject
Project("{FAE04EC0-301F-11D3-BF4B-00C04F79EFBC}") = "Ara3D.Bowerbird.RevitSamples", "plugins\Ara3D.Bowerbird.RevitSamples\Ara3D.Bowerbird.RevitSamples.csproj", "{DA68AE9D-79CD-EB12-703D-1C978330283E}"
EndProject
Project("{FAE04EC0-301F-11D3-BF4B-00C04F79EFBC}") = "Ara3D.Utils.Wpf", "ext\Ara3D.Utils.Wpf\Ara3D.Utils.Wpf.csproj", "{F6E017A7-71D6-E9D5-39F7-07415F586583}"
EndProject
Project("{FAE04EC0-301F-11D3-BF4B-00C04F79EFBC}") = "Ara3D.IfcLoader", "ext\Ara3D.IfcLoader\Ara3D.IfcLoader.csproj", "{70ECB1E8-9A8F-A442-DA1C-7108B015A34E}"
EndProject
Project("{D954291E-2A0B-460D-934E-DC6B0785DB48}") = "Ara3D.IfcTypes", "ext\Ara3D.IfcTypes\Ara3D.IfcTypes.shproj", "{16DFF50B-2E76-4A7A-9634-7C655C58F025}"
EndProject
Project("{FAE04EC0-301F-11D3-BF4B-00C04F79EFBC}") = "Ara3D.IfcTypeGen", "toolchain\Ara3D.IfcTypeGen\Ara3D.IfcTypeGen.csproj", "{F2C6326F-7AA7-909C-9599-11ED058B164F}"
EndProject
Project("{2150E333-8FDC-42A3-9474-1A3956D46DE8}") = "tests", "tests", "{0AB3BF05-4346-4AA6-1389-037BE0695223}"
EndProject
Project("{FAE04EC0-301F-11D3-BF4B-00C04F79EFBC}") = "Ara3D.SDK.NuGet.Tests", "tests\Ara3D.SDK.NuGet.Tests\Ara3D.SDK.NuGet.Tests.csproj", "{39F1A456-9F10-4614-BAF5-16474BDF3FE9}"
EndProject
Project("{2150E333-8FDC-42A3-9474-1A3956D46DE8}") = "ext", "ext", "{A7FFB67D-78BD-B692-0A70-32071179BAD1}"
EndProject
Project("{FAE04EC0-301F-11D3-BF4B-00C04F79EFBC}") = "Ara3D.Bowerbird.Console", "plugins\Ara3D.Bowerbird.Console\Ara3D.Bowerbird.Console.csproj", "{1494369E-10C5-4CF1-8290-D13A22233C61}"
EndProject
Project("{FAE04EC0-301F-11D3-BF4B-00C04F79EFBC}") = "Ara3D.Bowerbird.TestSamples", "plugins\Ara3D.Bowerbird.TestSamples\Ara3D.Bowerbird.TestSamples.csproj", "{0F8EFD37-1636-4F25-9C88-432494ED53BF}"
EndProject
Project("{FAE04EC0-301F-11D3-BF4B-00C04F79EFBC}") = "Ara3D.Bowerbird.Tests", "tests\Ara3D.Bowerbird.Tests\Ara3D.Bowerbird.Tests.csproj", "{EEBD4389-556A-4334-B0BC-6A13A513E12F}"
EndProject
Project("{FAE04EC0-301F-11D3-BF4B-00C04F79EFBC}") = "Ara3D.Domo.Tests", "tests\Ara3D.Domo.Tests\Ara3D.Domo.Tests.csproj", "{DE676E65-EA92-470A-A311-2E0A0076E4DC}"
EndProject
Project("{2150E333-8FDC-42A3-9474-1A3956D46DE8}") = "src", "src", "{827E0CD3-B72D-47B6-A68D-7590B98EB39B}"
EndProject
Project("{FAE04EC0-301F-11D3-BF4B-00C04F79EFBC}") = "Ara3D.SDK.Core", "src\Ara3D.SDK.Core\Ara3D.SDK.Core.csproj", "{FF256104-09A7-445B-9BBF-3475A4854DB3}"
EndProject
Project("{FAE04EC0-301F-11D3-BF4B-00C04F79EFBC}") = "Ara3D.F8", "src\Ara3D.F8\Ara3D.F8.csproj", "{BCD58A6A-DBE0-4C06-9036-DCAC0C50C61D}"
EndProject
Project("{FAE04EC0-301F-11D3-BF4B-00C04F79EFBC}") = "Ara3D.SDK.Geometry", "src\Ara3D.SDK.Geometry\Ara3D.SDK.Geometry.csproj", "{4C04FF67-F5B2-49AC-A47D-3E6E1BE7D05C}"
EndProject
Project("{FAE04EC0-301F-11D3-BF4B-00C04F79EFBC}") = "Ara3D.SDK.IO", "src\Ara3D.SDK.IO\Ara3D.SDK.IO.csproj", "{E6593775-3001-4C15-AF1B-F023FE835DE6}"
EndProject
Project("{FAE04EC0-301F-11D3-BF4B-00C04F79EFBC}") = "Ara3D.IO.SharpGLTF", "src\Ara3D.IO.SharpGLTF\Ara3D.IO.SharpGLTF.csproj", "{F5AF1E71-72AC-47FC-81CA-34F950D794FF}"
EndProject
Project("{FAE04EC0-301F-11D3-BF4B-00C04F79EFBC}") = "Ara3D.AssimpLoader", "integrations\Ara3D.AssimpLoader\Ara3D.AssimpLoader.csproj", "{98DF5889-602C-4E96-B2B8-E346AADF5858}"
EndProject
Project("{2150E333-8FDC-42A3-9474-1A3956D46DE8}") = "wip", "wip", "{971236E7-4A67-C57E-E08E-A8E6F00FC592}"
EndProject
Project("{FAE04EC0-301F-11D3-BF4B-00C04F79EFBC}") = "Ara3D.MCP", "wip\Ara3D.MCP\Ara3D.MCP.csproj", "{738A3D90-664C-45B9-9AC2-2DF6C0B9A3BB}"
EndProject
Project("{FAE04EC0-301F-11D3-BF4B-00C04F79EFBC}") = "Ara3D.MCP.Tests", "tests\Ara3D.MCP.Tests\Ara3D.MCP.Tests.csproj", "{475E446F-9C42-4AB1-8DB0-ACFCCE13FC9A}"
EndProject
Project("{FAE04EC0-301F-11D3-BF4B-00C04F79EFBC}") = "Ara3D.IfcMeshingComparison", "tests\Ara3D.IfcMeshingComparison\Ara3D.IfcMeshingComparison.csproj", "{D8E9F0A1-2B3C-4D5E-9F8A-7B6C5D4E3F2A}"
EndProject
Project("{FAE04EC0-301F-11D3-BF4B-00C04F79EFBC}") = "Ara3D.Ifc.Mesher", "wip\Ara3D.Ifc.Mesher\Ara3D.Ifc.Mesher.csproj", "{35354AE0-AC1E-494A-9B2E-0109D13CBEE1}"
EndProject
Global
	GlobalSection(SolutionConfigurationPlatforms) = preSolution
		Debug|Any CPU = Debug|Any CPU
		Debug|x64 = Debug|x64
		Debug|x86 = Debug|x86
		Release|Any CPU = Release|Any CPU
		Release|x64 = Release|x64
		Release|x86 = Release|x86
	EndGlobalSection
	GlobalSection(ProjectConfigurationPlatforms) = postSolution
		{A9759006-E335-402C-A409-22E5945CCA99}.Debug|Any CPU.ActiveCfg = Debug|Any CPU
		{A9759006-E335-402C-A409-22E5945CCA99}.Debug|Any CPU.Build.0 = Debug|Any CPU
		{A9759006-E335-402C-A409-22E5945CCA99}.Debug|x64.ActiveCfg = Debug|Any CPU
		{A9759006-E335-402C-A409-22E5945CCA99}.Debug|x64.Build.0 = Debug|Any CPU
		{A9759006-E335-402C-A409-22E5945CCA99}.Debug|x86.ActiveCfg = Debug|Any CPU
		{A9759006-E335-402C-A409-22E5945CCA99}.Debug|x86.Build.0 = Debug|Any CPU
		{A9759006-E335-402C-A409-22E5945CCA99}.Release|Any CPU.ActiveCfg = Release|Any CPU
		{A9759006-E335-402C-A409-22E5945CCA99}.Release|Any CPU.Build.0 = Release|Any CPU
		{A9759006-E335-402C-A409-22E5945CCA99}.Release|x64.ActiveCfg = Release|Any CPU
		{A9759006-E335-402C-A409-22E5945CCA99}.Release|x64.Build.0 = Release|Any CPU
		{A9759006-E335-402C-A409-22E5945CCA99}.Release|x86.ActiveCfg = Release|Any CPU
		{A9759006-E335-402C-A409-22E5945CCA99}.Release|x86.Build.0 = Release|Any CPU
		{7798BB6D-41E1-465B-A25C-8CF00755F006}.Debug|Any CPU.ActiveCfg = Debug|Any CPU
		{7798BB6D-41E1-465B-A25C-8CF00755F006}.Debug|Any CPU.Build.0 = Debug|Any CPU
		{7798BB6D-41E1-465B-A25C-8CF00755F006}.Debug|x64.ActiveCfg = Debug|Any CPU
		{7798BB6D-41E1-465B-A25C-8CF00755F006}.Debug|x64.Build.0 = Debug|Any CPU
		{7798BB6D-41E1-465B-A25C-8CF00755F006}.Debug|x86.ActiveCfg = Debug|Any CPU
		{7798BB6D-41E1-465B-A25C-8CF00755F006}.Debug|x86.Build.0 = Debug|Any CPU
		{7798BB6D-41E1-465B-A25C-8CF00755F006}.Release|Any CPU.ActiveCfg = Release|Any CPU
		{7798BB6D-41E1-465B-A25C-8CF00755F006}.Release|Any CPU.Build.0 = Release|Any CPU
		{7798BB6D-41E1-465B-A25C-8CF00755F006}.Release|x64.ActiveCfg = Release|Any CPU
		{7798BB6D-41E1-465B-A25C-8CF00755F006}.Release|x64.Build.0 = Release|Any CPU
		{7798BB6D-41E1-465B-A25C-8CF00755F006}.Release|x86.ActiveCfg = Release|Any CPU
		{7798BB6D-41E1-465B-A25C-8CF00755F006}.Release|x86.Build.0 = Release|Any CPU
		{7EABB929-D3AD-4270-B81D-E7387CEA5399}.Debug|Any CPU.ActiveCfg = Debug|Any CPU
		{7EABB929-D3AD-4270-B81D-E7387CEA5399}.Debug|Any CPU.Build.0 = Debug|Any CPU
		{7EABB929-D3AD-4270-B81D-E7387CEA5399}.Debug|x64.ActiveCfg = Debug|Any CPU
		{7EABB929-D3AD-4270-B81D-E7387CEA5399}.Debug|x64.Build.0 = Debug|Any CPU
		{7EABB929-D3AD-4270-B81D-E7387CEA5399}.Debug|x86.ActiveCfg = Debug|Any CPU
		{7EABB929-D3AD-4270-B81D-E7387CEA5399}.Debug|x86.Build.0 = Debug|Any CPU
		{7EABB929-D3AD-4270-B81D-E7387CEA5399}.Release|Any CPU.ActiveCfg = Release|Any CPU
		{7EABB929-D3AD-4270-B81D-E7387CEA5399}.Release|Any CPU.Build.0 = Release|Any CPU
		{7EABB929-D3AD-4270-B81D-E7387CEA5399}.Release|x64.ActiveCfg = Release|Any CPU
		{7EABB929-D3AD-4270-B81D-E7387CEA5399}.Release|x64.Build.0 = Release|Any CPU
		{7EABB929-D3AD-4270-B81D-E7387CEA5399}.Release|x86.ActiveCfg = Release|Any CPU
		{7EABB929-D3AD-4270-B81D-E7387CEA5399}.Release|x86.Build.0 = Release|Any CPU
		{A3F0CD36-F523-491E-8812-79CF323D79B8}.Debug|Any CPU.ActiveCfg = Debug|Any CPU
		{A3F0CD36-F523-491E-8812-79CF323D79B8}.Debug|Any CPU.Build.0 = Debug|Any CPU
		{A3F0CD36-F523-491E-8812-79CF323D79B8}.Debug|x64.ActiveCfg = Debug|Any CPU
		{A3F0CD36-F523-491E-8812-79CF323D79B8}.Debug|x64.Build.0 = Debug|Any CPU
		{A3F0CD36-F523-491E-8812-79CF323D79B8}.Debug|x86.ActiveCfg = Debug|Any CPU
		{A3F0CD36-F523-491E-8812-79CF323D79B8}.Debug|x86.Build.0 = Debug|Any CPU
		{A3F0CD36-F523-491E-8812-79CF323D79B8}.Release|Any CPU.ActiveCfg = Release|Any CPU
		{A3F0CD36-F523-491E-8812-79CF323D79B8}.Release|Any CPU.Build.0 = Release|Any CPU
		{A3F0CD36-F523-491E-8812-79CF323D79B8}.Release|x64.ActiveCfg = Release|Any CPU
		{A3F0CD36-F523-491E-8812-79CF323D79B8}.Release|x64.Build.0 = Release|Any CPU
		{A3F0CD36-F523-491E-8812-79CF323D79B8}.Release|x86.ActiveCfg = Release|Any CPU
		{A3F0CD36-F523-491E-8812-79CF323D79B8}.Release|x86.Build.0 = Release|Any CPU
		{FF87119D-5F08-47BE-882E-D6B803AFEAF9}.Debug|Any CPU.ActiveCfg = Debug|Any CPU
		{FF87119D-5F08-47BE-882E-D6B803AFEAF9}.Debug|Any CPU.Build.0 = Debug|Any CPU
		{FF87119D-5F08-47BE-882E-D6B803AFEAF9}.Debug|x64.ActiveCfg = Debug|Any CPU
		{FF87119D-5F08-47BE-882E-D6B803AFEAF9}.Debug|x64.Build.0 = Debug|Any CPU
		{FF87119D-5F08-47BE-882E-D6B803AFEAF9}.Debug|x86.ActiveCfg = Debug|Any CPU
		{FF87119D-5F08-47BE-882E-D6B803AFEAF9}.Debug|x86.Build.0 = Debug|Any CPU
		{FF87119D-5F08-47BE-882E-D6B803AFEAF9}.Release|Any CPU.ActiveCfg = Release|Any CPU
		{FF87119D-5F08-47BE-882E-D6B803AFEAF9}.Release|Any CPU.Build.0 = Release|Any CPU
		{FF87119D-5F08-47BE-882E-D6B803AFEAF9}.Release|x64.ActiveCfg = Release|Any CPU
		{FF87119D-5F08-47BE-882E-D6B803AFEAF9}.Release|x64.Build.0 = Release|Any CPU
		{FF87119D-5F08-47BE-882E-D6B803AFEAF9}.Release|x86.ActiveCfg = Release|Any CPU
		{FF87119D-5F08-47BE-882E-D6B803AFEAF9}.Release|x86.Build.0 = Release|Any CPU
		{A6BDA269-8FF6-4A3D-8721-0C41E5C36470}.Debug|Any CPU.ActiveCfg = Debug|Any CPU
		{A6BDA269-8FF6-4A3D-8721-0C41E5C36470}.Debug|Any CPU.Build.0 = Debug|Any CPU
		{A6BDA269-8FF6-4A3D-8721-0C41E5C36470}.Debug|x64.ActiveCfg = Debug|Any CPU
		{A6BDA269-8FF6-4A3D-8721-0C41E5C36470}.Debug|x64.Build.0 = Debug|Any CPU
		{A6BDA269-8FF6-4A3D-8721-0C41E5C36470}.Debug|x86.ActiveCfg = Debug|Any CPU
		{A6BDA269-8FF6-4A3D-8721-0C41E5C36470}.Debug|x86.Build.0 = Debug|Any CPU
		{A6BDA269-8FF6-4A3D-8721-0C41E5C36470}.Release|Any CPU.ActiveCfg = Release|Any CPU
		{A6BDA269-8FF6-4A3D-8721-0C41E5C36470}.Release|Any CPU.Build.0 = Release|Any CPU
		{A6BDA269-8FF6-4A3D-8721-0C41E5C36470}.Release|x64.ActiveCfg = Release|Any CPU
		{A6BDA269-8FF6-4A3D-8721-0C41E5C36470}.Release|x64.Build.0 = Release|Any CPU
		{A6BDA269-8FF6-4A3D-8721-0C41E5C36470}.Release|x86.ActiveCfg = Release|Any CPU
		{A6BDA269-8FF6-4A3D-8721-0C41E5C36470}.Release|x86.Build.0 = Release|Any CPU
		{B190E325-924D-4F7D-AA20-AA1495EE9670}.Debug|Any CPU.ActiveCfg = Debug|Any CPU
		{B190E325-924D-4F7D-AA20-AA1495EE9670}.Debug|Any CPU.Build.0 = Debug|Any CPU
		{B190E325-924D-4F7D-AA20-AA1495EE9670}.Debug|x64.ActiveCfg = Debug|Any CPU
		{B190E325-924D-4F7D-AA20-AA1495EE9670}.Debug|x64.Build.0 = Debug|Any CPU
		{B190E325-924D-4F7D-AA20-AA1495EE9670}.Debug|x86.ActiveCfg = Debug|Any CPU
		{B190E325-924D-4F7D-AA20-AA1495EE9670}.Debug|x86.Build.0 = Debug|Any CPU
		{B190E325-924D-4F7D-AA20-AA1495EE9670}.Release|Any CPU.ActiveCfg = Release|Any CPU
		{B190E325-924D-4F7D-AA20-AA1495EE9670}.Release|Any CPU.Build.0 = Release|Any CPU
		{B190E325-924D-4F7D-AA20-AA1495EE9670}.Release|x64.ActiveCfg = Release|Any CPU
		{B190E325-924D-4F7D-AA20-AA1495EE9670}.Release|x64.Build.0 = Release|Any CPU
		{B190E325-924D-4F7D-AA20-AA1495EE9670}.Release|x86.ActiveCfg = Release|Any CPU
		{B190E325-924D-4F7D-AA20-AA1495EE9670}.Release|x86.Build.0 = Release|Any CPU
		{52B08F0F-548E-4971-8732-0FD29B4B08D9}.Debug|Any CPU.ActiveCfg = Debug|Any CPU
		{52B08F0F-548E-4971-8732-0FD29B4B08D9}.Debug|Any CPU.Build.0 = Debug|Any CPU
		{52B08F0F-548E-4971-8732-0FD29B4B08D9}.Debug|x64.ActiveCfg = Debug|Any CPU
		{52B08F0F-548E-4971-8732-0FD29B4B08D9}.Debug|x64.Build.0 = Debug|Any CPU
		{52B08F0F-548E-4971-8732-0FD29B4B08D9}.Debug|x86.ActiveCfg = Debug|Any CPU
		{52B08F0F-548E-4971-8732-0FD29B4B08D9}.Debug|x86.Build.0 = Debug|Any CPU
		{52B08F0F-548E-4971-8732-0FD29B4B08D9}.Release|Any CPU.ActiveCfg = Release|Any CPU
		{52B08F0F-548E-4971-8732-0FD29B4B08D9}.Release|Any CPU.Build.0 = Release|Any CPU
		{52B08F0F-548E-4971-8732-0FD29B4B08D9}.Release|x64.ActiveCfg = Release|Any CPU
		{52B08F0F-548E-4971-8732-0FD29B4B08D9}.Release|x64.Build.0 = Release|Any CPU
		{52B08F0F-548E-4971-8732-0FD29B4B08D9}.Release|x86.ActiveCfg = Release|Any CPU
		{52B08F0F-548E-4971-8732-0FD29B4B08D9}.Release|x86.Build.0 = Release|Any CPU
		{6C4333B9-9210-4FB4-83D3-48CC0B15717E}.Debug|Any CPU.ActiveCfg = Debug|Any CPU
		{6C4333B9-9210-4FB4-83D3-48CC0B15717E}.Debug|Any CPU.Build.0 = Debug|Any CPU
		{6C4333B9-9210-4FB4-83D3-48CC0B15717E}.Debug|x64.ActiveCfg = Debug|Any CPU
		{6C4333B9-9210-4FB4-83D3-48CC0B15717E}.Debug|x64.Build.0 = Debug|Any CPU
		{6C4333B9-9210-4FB4-83D3-48CC0B15717E}.Debug|x86.ActiveCfg = Debug|Any CPU
		{6C4333B9-9210-4FB4-83D3-48CC0B15717E}.Debug|x86.Build.0 = Debug|Any CPU
		{6C4333B9-9210-4FB4-83D3-48CC0B15717E}.Release|Any CPU.ActiveCfg = Release|Any CPU
		{6C4333B9-9210-4FB4-83D3-48CC0B15717E}.Release|Any CPU.Build.0 = Release|Any CPU
		{6C4333B9-9210-4FB4-83D3-48CC0B15717E}.Release|x64.ActiveCfg = Release|Any CPU
		{6C4333B9-9210-4FB4-83D3-48CC0B15717E}.Release|x64.Build.0 = Release|Any CPU
		{6C4333B9-9210-4FB4-83D3-48CC0B15717E}.Release|x86.ActiveCfg = Release|Any CPU
		{6C4333B9-9210-4FB4-83D3-48CC0B15717E}.Release|x86.Build.0 = Release|Any CPU
		{F350630A-9B40-4312-B56F-1CFFED51099C}.Debug|Any CPU.ActiveCfg = Debug|Any CPU
		{F350630A-9B40-4312-B56F-1CFFED51099C}.Debug|Any CPU.Build.0 = Debug|Any CPU
		{F350630A-9B40-4312-B56F-1CFFED51099C}.Debug|x64.ActiveCfg = Debug|Any CPU
		{F350630A-9B40-4312-B56F-1CFFED51099C}.Debug|x64.Build.0 = Debug|Any CPU
		{F350630A-9B40-4312-B56F-1CFFED51099C}.Debug|x86.ActiveCfg = Debug|Any CPU
		{F350630A-9B40-4312-B56F-1CFFED51099C}.Debug|x86.Build.0 = Debug|Any CPU
		{F350630A-9B40-4312-B56F-1CFFED51099C}.Release|Any CPU.ActiveCfg = Release|Any CPU
		{F350630A-9B40-4312-B56F-1CFFED51099C}.Release|Any CPU.Build.0 = Release|Any CPU
		{F350630A-9B40-4312-B56F-1CFFED51099C}.Release|x64.ActiveCfg = Release|Any CPU
		{F350630A-9B40-4312-B56F-1CFFED51099C}.Release|x64.Build.0 = Release|Any CPU
		{F350630A-9B40-4312-B56F-1CFFED51099C}.Release|x86.ActiveCfg = Release|Any CPU
		{F350630A-9B40-4312-B56F-1CFFED51099C}.Release|x86.Build.0 = Release|Any CPU
		{3AFD493E-D5E9-434A-AC19-03A5C2681F08}.Debug|Any CPU.ActiveCfg = Debug|Any CPU
		{3AFD493E-D5E9-434A-AC19-03A5C2681F08}.Debug|Any CPU.Build.0 = Debug|Any CPU
		{3AFD493E-D5E9-434A-AC19-03A5C2681F08}.Debug|x64.ActiveCfg = Debug|Any CPU
		{3AFD493E-D5E9-434A-AC19-03A5C2681F08}.Debug|x64.Build.0 = Debug|Any CPU
		{3AFD493E-D5E9-434A-AC19-03A5C2681F08}.Debug|x86.ActiveCfg = Debug|Any CPU
		{3AFD493E-D5E9-434A-AC19-03A5C2681F08}.Debug|x86.Build.0 = Debug|Any CPU
		{3AFD493E-D5E9-434A-AC19-03A5C2681F08}.Release|Any CPU.ActiveCfg = Release|Any CPU
		{3AFD493E-D5E9-434A-AC19-03A5C2681F08}.Release|Any CPU.Build.0 = Release|Any CPU
		{3AFD493E-D5E9-434A-AC19-03A5C2681F08}.Release|x64.ActiveCfg = Release|Any CPU
		{3AFD493E-D5E9-434A-AC19-03A5C2681F08}.Release|x64.Build.0 = Release|Any CPU
		{3AFD493E-D5E9-434A-AC19-03A5C2681F08}.Release|x86.ActiveCfg = Release|Any CPU
		{3AFD493E-D5E9-434A-AC19-03A5C2681F08}.Release|x86.Build.0 = Release|Any CPU
		{70D43D5A-9B35-482E-8771-49913224C594}.Debug|Any CPU.ActiveCfg = Debug|Any CPU
		{70D43D5A-9B35-482E-8771-49913224C594}.Debug|Any CPU.Build.0 = Debug|Any CPU
		{70D43D5A-9B35-482E-8771-49913224C594}.Debug|x64.ActiveCfg = Debug|Any CPU
		{70D43D5A-9B35-482E-8771-49913224C594}.Debug|x64.Build.0 = Debug|Any CPU
		{70D43D5A-9B35-482E-8771-49913224C594}.Debug|x86.ActiveCfg = Debug|Any CPU
		{70D43D5A-9B35-482E-8771-49913224C594}.Debug|x86.Build.0 = Debug|Any CPU
		{70D43D5A-9B35-482E-8771-49913224C594}.Release|Any CPU.ActiveCfg = Release|Any CPU
		{70D43D5A-9B35-482E-8771-49913224C594}.Release|Any CPU.Build.0 = Release|Any CPU
		{70D43D5A-9B35-482E-8771-49913224C594}.Release|x64.ActiveCfg = Release|Any CPU
		{70D43D5A-9B35-482E-8771-49913224C594}.Release|x64.Build.0 = Release|Any CPU
		{70D43D5A-9B35-482E-8771-49913224C594}.Release|x86.ActiveCfg = Release|Any CPU
		{70D43D5A-9B35-482E-8771-49913224C594}.Release|x86.Build.0 = Release|Any CPU
		{4667D5BA-520F-4D9E-A277-7B24B05B7BEC}.Debug|Any CPU.ActiveCfg = Debug|Any CPU
		{4667D5BA-520F-4D9E-A277-7B24B05B7BEC}.Debug|Any CPU.Build.0 = Debug|Any CPU
		{4667D5BA-520F-4D9E-A277-7B24B05B7BEC}.Debug|x64.ActiveCfg = Debug|Any CPU
		{4667D5BA-520F-4D9E-A277-7B24B05B7BEC}.Debug|x64.Build.0 = Debug|Any CPU
		{4667D5BA-520F-4D9E-A277-7B24B05B7BEC}.Debug|x86.ActiveCfg = Debug|Any CPU
		{4667D5BA-520F-4D9E-A277-7B24B05B7BEC}.Debug|x86.Build.0 = Debug|Any CPU
		{4667D5BA-520F-4D9E-A277-7B24B05B7BEC}.Release|Any CPU.ActiveCfg = Release|Any CPU
		{4667D5BA-520F-4D9E-A277-7B24B05B7BEC}.Release|Any CPU.Build.0 = Release|Any CPU
		{4667D5BA-520F-4D9E-A277-7B24B05B7BEC}.Release|x64.ActiveCfg = Release|Any CPU
		{4667D5BA-520F-4D9E-A277-7B24B05B7BEC}.Release|x64.Build.0 = Release|Any CPU
		{4667D5BA-520F-4D9E-A277-7B24B05B7BEC}.Release|x86.ActiveCfg = Release|Any CPU
		{4667D5BA-520F-4D9E-A277-7B24B05B7BEC}.Release|x86.Build.0 = Release|Any CPU
		{3F517AF6-FABD-4C86-856E-2BA95DB1B71E}.Debug|Any CPU.ActiveCfg = Debug|Any CPU
		{3F517AF6-FABD-4C86-856E-2BA95DB1B71E}.Debug|Any CPU.Build.0 = Debug|Any CPU
		{3F517AF6-FABD-4C86-856E-2BA95DB1B71E}.Debug|x64.ActiveCfg = Debug|Any CPU
		{3F517AF6-FABD-4C86-856E-2BA95DB1B71E}.Debug|x64.Build.0 = Debug|Any CPU
		{3F517AF6-FABD-4C86-856E-2BA95DB1B71E}.Debug|x86.ActiveCfg = Debug|Any CPU
		{3F517AF6-FABD-4C86-856E-2BA95DB1B71E}.Debug|x86.Build.0 = Debug|Any CPU
		{3F517AF6-FABD-4C86-856E-2BA95DB1B71E}.Release|Any CPU.ActiveCfg = Release|Any CPU
		{3F517AF6-FABD-4C86-856E-2BA95DB1B71E}.Release|Any CPU.Build.0 = Release|Any CPU
		{3F517AF6-FABD-4C86-856E-2BA95DB1B71E}.Release|x64.ActiveCfg = Release|Any CPU
		{3F517AF6-FABD-4C86-856E-2BA95DB1B71E}.Release|x64.Build.0 = Release|Any CPU
		{3F517AF6-FABD-4C86-856E-2BA95DB1B71E}.Release|x86.ActiveCfg = Release|Any CPU
		{3F517AF6-FABD-4C86-856E-2BA95DB1B71E}.Release|x86.Build.0 = Release|Any CPU
		{A2950621-380C-4C30-BCB5-A297E9D75AB4}.Debug|Any CPU.ActiveCfg = Debug|Any CPU
		{A2950621-380C-4C30-BCB5-A297E9D75AB4}.Debug|Any CPU.Build.0 = Debug|Any CPU
		{A2950621-380C-4C30-BCB5-A297E9D75AB4}.Debug|x64.ActiveCfg = Debug|Any CPU
		{A2950621-380C-4C30-BCB5-A297E9D75AB4}.Debug|x64.Build.0 = Debug|Any CPU
		{A2950621-380C-4C30-BCB5-A297E9D75AB4}.Debug|x86.ActiveCfg = Debug|Any CPU
		{A2950621-380C-4C30-BCB5-A297E9D75AB4}.Debug|x86.Build.0 = Debug|Any CPU
		{A2950621-380C-4C30-BCB5-A297E9D75AB4}.Release|Any CPU.ActiveCfg = Release|Any CPU
		{A2950621-380C-4C30-BCB5-A297E9D75AB4}.Release|Any CPU.Build.0 = Release|Any CPU
		{A2950621-380C-4C30-BCB5-A297E9D75AB4}.Release|x64.ActiveCfg = Release|Any CPU
		{A2950621-380C-4C30-BCB5-A297E9D75AB4}.Release|x64.Build.0 = Release|Any CPU
		{A2950621-380C-4C30-BCB5-A297E9D75AB4}.Release|x86.ActiveCfg = Release|Any CPU
		{A2950621-380C-4C30-BCB5-A297E9D75AB4}.Release|x86.Build.0 = Release|Any CPU
		{B94A8180-08DC-405D-9A33-84185B7B8B79}.Debug|Any CPU.ActiveCfg = Debug|Any CPU
		{B94A8180-08DC-405D-9A33-84185B7B8B79}.Debug|Any CPU.Build.0 = Debug|Any CPU
		{B94A8180-08DC-405D-9A33-84185B7B8B79}.Debug|x64.ActiveCfg = Debug|Any CPU
		{B94A8180-08DC-405D-9A33-84185B7B8B79}.Debug|x64.Build.0 = Debug|Any CPU
		{B94A8180-08DC-405D-9A33-84185B7B8B79}.Debug|x86.ActiveCfg = Debug|Any CPU
		{B94A8180-08DC-405D-9A33-84185B7B8B79}.Debug|x86.Build.0 = Debug|Any CPU
		{B94A8180-08DC-405D-9A33-84185B7B8B79}.Release|Any CPU.ActiveCfg = Release|Any CPU
		{B94A8180-08DC-405D-9A33-84185B7B8B79}.Release|Any CPU.Build.0 = Release|Any CPU
		{B94A8180-08DC-405D-9A33-84185B7B8B79}.Release|x64.ActiveCfg = Release|Any CPU
		{B94A8180-08DC-405D-9A33-84185B7B8B79}.Release|x64.Build.0 = Release|Any CPU
		{B94A8180-08DC-405D-9A33-84185B7B8B79}.Release|x86.ActiveCfg = Release|Any CPU
		{B94A8180-08DC-405D-9A33-84185B7B8B79}.Release|x86.Build.0 = Release|Any CPU
		{DAC4DF39-8F45-4C80-AEB3-5BE1782369A8}.Debug|Any CPU.ActiveCfg = Debug|Any CPU
		{DAC4DF39-8F45-4C80-AEB3-5BE1782369A8}.Debug|Any CPU.Build.0 = Debug|Any CPU
		{DAC4DF39-8F45-4C80-AEB3-5BE1782369A8}.Debug|x64.ActiveCfg = Debug|Any CPU
		{DAC4DF39-8F45-4C80-AEB3-5BE1782369A8}.Debug|x64.Build.0 = Debug|Any CPU
		{DAC4DF39-8F45-4C80-AEB3-5BE1782369A8}.Debug|x86.ActiveCfg = Debug|Any CPU
		{DAC4DF39-8F45-4C80-AEB3-5BE1782369A8}.Debug|x86.Build.0 = Debug|Any CPU
		{DAC4DF39-8F45-4C80-AEB3-5BE1782369A8}.Release|Any CPU.ActiveCfg = Release|Any CPU
		{DAC4DF39-8F45-4C80-AEB3-5BE1782369A8}.Release|Any CPU.Build.0 = Release|Any CPU
		{DAC4DF39-8F45-4C80-AEB3-5BE1782369A8}.Release|x64.ActiveCfg = Release|Any CPU
		{DAC4DF39-8F45-4C80-AEB3-5BE1782369A8}.Release|x64.Build.0 = Release|Any CPU
		{DAC4DF39-8F45-4C80-AEB3-5BE1782369A8}.Release|x86.ActiveCfg = Release|Any CPU
		{DAC4DF39-8F45-4C80-AEB3-5BE1782369A8}.Release|x86.Build.0 = Release|Any CPU
		{A8FC3A4D-ECC0-4340-A2F9-310DBC65A3F3}.Debug|Any CPU.ActiveCfg = Debug|Any CPU
		{A8FC3A4D-ECC0-4340-A2F9-310DBC65A3F3}.Debug|Any CPU.Build.0 = Debug|Any CPU
		{A8FC3A4D-ECC0-4340-A2F9-310DBC65A3F3}.Debug|x64.ActiveCfg = Debug|Any CPU
		{A8FC3A4D-ECC0-4340-A2F9-310DBC65A3F3}.Debug|x64.Build.0 = Debug|Any CPU
		{A8FC3A4D-ECC0-4340-A2F9-310DBC65A3F3}.Debug|x86.ActiveCfg = Debug|Any CPU
		{A8FC3A4D-ECC0-4340-A2F9-310DBC65A3F3}.Debug|x86.Build.0 = Debug|Any CPU
		{A8FC3A4D-ECC0-4340-A2F9-310DBC65A3F3}.Release|Any CPU.ActiveCfg = Release|Any CPU
		{A8FC3A4D-ECC0-4340-A2F9-310DBC65A3F3}.Release|Any CPU.Build.0 = Release|Any CPU
		{A8FC3A4D-ECC0-4340-A2F9-310DBC65A3F3}.Release|x64.ActiveCfg = Release|Any CPU
		{A8FC3A4D-ECC0-4340-A2F9-310DBC65A3F3}.Release|x64.Build.0 = Release|Any CPU
		{A8FC3A4D-ECC0-4340-A2F9-310DBC65A3F3}.Release|x86.ActiveCfg = Release|Any CPU
		{A8FC3A4D-ECC0-4340-A2F9-310DBC65A3F3}.Release|x86.Build.0 = Release|Any CPU
		{7484A1E6-C89D-47DF-9C52-FC1A81A20C0A}.Debug|Any CPU.ActiveCfg = Debug|Any CPU
		{7484A1E6-C89D-47DF-9C52-FC1A81A20C0A}.Debug|Any CPU.Build.0 = Debug|Any CPU
		{7484A1E6-C89D-47DF-9C52-FC1A81A20C0A}.Debug|x64.ActiveCfg = Debug|Any CPU
		{7484A1E6-C89D-47DF-9C52-FC1A81A20C0A}.Debug|x64.Build.0 = Debug|Any CPU
		{7484A1E6-C89D-47DF-9C52-FC1A81A20C0A}.Debug|x86.ActiveCfg = Debug|Any CPU
		{7484A1E6-C89D-47DF-9C52-FC1A81A20C0A}.Debug|x86.Build.0 = Debug|Any CPU
		{7484A1E6-C89D-47DF-9C52-FC1A81A20C0A}.Release|Any CPU.ActiveCfg = Release|Any CPU
		{7484A1E6-C89D-47DF-9C52-FC1A81A20C0A}.Release|Any CPU.Build.0 = Release|Any CPU
		{7484A1E6-C89D-47DF-9C52-FC1A81A20C0A}.Release|x64.ActiveCfg = Release|Any CPU
		{7484A1E6-C89D-47DF-9C52-FC1A81A20C0A}.Release|x64.Build.0 = Release|Any CPU
		{7484A1E6-C89D-47DF-9C52-FC1A81A20C0A}.Release|x86.ActiveCfg = Release|Any CPU
		{7484A1E6-C89D-47DF-9C52-FC1A81A20C0A}.Release|x86.Build.0 = Release|Any CPU
		{476344CA-A960-4CEF-9708-72A58D6E73AB}.Debug|Any CPU.ActiveCfg = Debug|Any CPU
		{476344CA-A960-4CEF-9708-72A58D6E73AB}.Debug|Any CPU.Build.0 = Debug|Any CPU
		{476344CA-A960-4CEF-9708-72A58D6E73AB}.Debug|x64.ActiveCfg = Debug|Any CPU
		{476344CA-A960-4CEF-9708-72A58D6E73AB}.Debug|x64.Build.0 = Debug|Any CPU
		{476344CA-A960-4CEF-9708-72A58D6E73AB}.Debug|x86.ActiveCfg = Debug|Any CPU
		{476344CA-A960-4CEF-9708-72A58D6E73AB}.Debug|x86.Build.0 = Debug|Any CPU
		{476344CA-A960-4CEF-9708-72A58D6E73AB}.Release|Any CPU.ActiveCfg = Release|Any CPU
		{476344CA-A960-4CEF-9708-72A58D6E73AB}.Release|Any CPU.Build.0 = Release|Any CPU
		{476344CA-A960-4CEF-9708-72A58D6E73AB}.Release|x64.ActiveCfg = Release|Any CPU
		{476344CA-A960-4CEF-9708-72A58D6E73AB}.Release|x64.Build.0 = Release|Any CPU
		{476344CA-A960-4CEF-9708-72A58D6E73AB}.Release|x86.ActiveCfg = Release|Any CPU
		{476344CA-A960-4CEF-9708-72A58D6E73AB}.Release|x86.Build.0 = Release|Any CPU
		{A81B29B6-59EF-4167-A91A-7AF54B9AEEE7}.Debug|Any CPU.ActiveCfg = Debug|Any CPU
		{A81B29B6-59EF-4167-A91A-7AF54B9AEEE7}.Debug|Any CPU.Build.0 = Debug|Any CPU
		{A81B29B6-59EF-4167-A91A-7AF54B9AEEE7}.Debug|x64.ActiveCfg = Debug|Any CPU
		{A81B29B6-59EF-4167-A91A-7AF54B9AEEE7}.Debug|x64.Build.0 = Debug|Any CPU
		{A81B29B6-59EF-4167-A91A-7AF54B9AEEE7}.Debug|x86.ActiveCfg = Debug|Any CPU
		{A81B29B6-59EF-4167-A91A-7AF54B9AEEE7}.Debug|x86.Build.0 = Debug|Any CPU
		{A81B29B6-59EF-4167-A91A-7AF54B9AEEE7}.Release|Any CPU.ActiveCfg = Release|Any CPU
		{A81B29B6-59EF-4167-A91A-7AF54B9AEEE7}.Release|Any CPU.Build.0 = Release|Any CPU
		{A81B29B6-59EF-4167-A91A-7AF54B9AEEE7}.Release|x64.ActiveCfg = Release|Any CPU
		{A81B29B6-59EF-4167-A91A-7AF54B9AEEE7}.Release|x64.Build.0 = Release|Any CPU
		{A81B29B6-59EF-4167-A91A-7AF54B9AEEE7}.Release|x86.ActiveCfg = Release|Any CPU
		{A81B29B6-59EF-4167-A91A-7AF54B9AEEE7}.Release|x86.Build.0 = Release|Any CPU
		{BFF46B0B-A592-48C9-9FAC-5DA07EBA4E2B}.Debug|Any CPU.ActiveCfg = Debug|Any CPU
		{BFF46B0B-A592-48C9-9FAC-5DA07EBA4E2B}.Debug|Any CPU.Build.0 = Debug|Any CPU
		{BFF46B0B-A592-48C9-9FAC-5DA07EBA4E2B}.Debug|x64.ActiveCfg = Debug|Any CPU
		{BFF46B0B-A592-48C9-9FAC-5DA07EBA4E2B}.Debug|x64.Build.0 = Debug|Any CPU
		{BFF46B0B-A592-48C9-9FAC-5DA07EBA4E2B}.Debug|x86.ActiveCfg = Debug|Any CPU
		{BFF46B0B-A592-48C9-9FAC-5DA07EBA4E2B}.Debug|x86.Build.0 = Debug|Any CPU
		{BFF46B0B-A592-48C9-9FAC-5DA07EBA4E2B}.Release|Any CPU.ActiveCfg = Release|Any CPU
		{BFF46B0B-A592-48C9-9FAC-5DA07EBA4E2B}.Release|Any CPU.Build.0 = Release|Any CPU
		{BFF46B0B-A592-48C9-9FAC-5DA07EBA4E2B}.Release|x64.ActiveCfg = Release|Any CPU
		{BFF46B0B-A592-48C9-9FAC-5DA07EBA4E2B}.Release|x64.Build.0 = Release|Any CPU
		{BFF46B0B-A592-48C9-9FAC-5DA07EBA4E2B}.Release|x86.ActiveCfg = Release|Any CPU
		{BFF46B0B-A592-48C9-9FAC-5DA07EBA4E2B}.Release|x86.Build.0 = Release|Any CPU
		{E4C6183D-D95A-4F03-869D-A78E2DDBD278}.Debug|Any CPU.ActiveCfg = Debug|Any CPU
		{E4C6183D-D95A-4F03-869D-A78E2DDBD278}.Debug|Any CPU.Build.0 = Debug|Any CPU
		{E4C6183D-D95A-4F03-869D-A78E2DDBD278}.Debug|x64.ActiveCfg = Debug|Any CPU
		{E4C6183D-D95A-4F03-869D-A78E2DDBD278}.Debug|x64.Build.0 = Debug|Any CPU
		{E4C6183D-D95A-4F03-869D-A78E2DDBD278}.Debug|x86.ActiveCfg = Debug|Any CPU
		{E4C6183D-D95A-4F03-869D-A78E2DDBD278}.Debug|x86.Build.0 = Debug|Any CPU
		{E4C6183D-D95A-4F03-869D-A78E2DDBD278}.Release|Any CPU.ActiveCfg = Release|Any CPU
		{E4C6183D-D95A-4F03-869D-A78E2DDBD278}.Release|Any CPU.Build.0 = Release|Any CPU
		{E4C6183D-D95A-4F03-869D-A78E2DDBD278}.Release|x64.ActiveCfg = Release|Any CPU
		{E4C6183D-D95A-4F03-869D-A78E2DDBD278}.Release|x64.Build.0 = Release|Any CPU
		{E4C6183D-D95A-4F03-869D-A78E2DDBD278}.Release|x86.ActiveCfg = Release|Any CPU
		{E4C6183D-D95A-4F03-869D-A78E2DDBD278}.Release|x86.Build.0 = Release|Any CPU
		{71615252-787C-4A20-93DB-9204A8F27574}.Debug|Any CPU.ActiveCfg = Debug|Any CPU
		{71615252-787C-4A20-93DB-9204A8F27574}.Debug|Any CPU.Build.0 = Debug|Any CPU
		{71615252-787C-4A20-93DB-9204A8F27574}.Debug|x64.ActiveCfg = Debug|Any CPU
		{71615252-787C-4A20-93DB-9204A8F27574}.Debug|x64.Build.0 = Debug|Any CPU
		{71615252-787C-4A20-93DB-9204A8F27574}.Debug|x86.ActiveCfg = Debug|Any CPU
		{71615252-787C-4A20-93DB-9204A8F27574}.Debug|x86.Build.0 = Debug|Any CPU
		{71615252-787C-4A20-93DB-9204A8F27574}.Release|Any CPU.ActiveCfg = Release|Any CPU
		{71615252-787C-4A20-93DB-9204A8F27574}.Release|Any CPU.Build.0 = Release|Any CPU
		{71615252-787C-4A20-93DB-9204A8F27574}.Release|x64.ActiveCfg = Release|Any CPU
		{71615252-787C-4A20-93DB-9204A8F27574}.Release|x64.Build.0 = Release|Any CPU
		{71615252-787C-4A20-93DB-9204A8F27574}.Release|x86.ActiveCfg = Release|Any CPU
		{71615252-787C-4A20-93DB-9204A8F27574}.Release|x86.Build.0 = Release|Any CPU
		{04AB9E59-4E6B-4768-B764-BE5979515D7D}.Debug|Any CPU.ActiveCfg = Debug|Any CPU
		{04AB9E59-4E6B-4768-B764-BE5979515D7D}.Debug|Any CPU.Build.0 = Debug|Any CPU
		{04AB9E59-4E6B-4768-B764-BE5979515D7D}.Debug|x64.ActiveCfg = Debug|Any CPU
		{04AB9E59-4E6B-4768-B764-BE5979515D7D}.Debug|x64.Build.0 = Debug|Any CPU
		{04AB9E59-4E6B-4768-B764-BE5979515D7D}.Debug|x86.ActiveCfg = Debug|Any CPU
		{04AB9E59-4E6B-4768-B764-BE5979515D7D}.Debug|x86.Build.0 = Debug|Any CPU
		{04AB9E59-4E6B-4768-B764-BE5979515D7D}.Release|Any CPU.ActiveCfg = Release|Any CPU
		{04AB9E59-4E6B-4768-B764-BE5979515D7D}.Release|Any CPU.Build.0 = Release|Any CPU
		{04AB9E59-4E6B-4768-B764-BE5979515D7D}.Release|x64.ActiveCfg = Release|Any CPU
		{04AB9E59-4E6B-4768-B764-BE5979515D7D}.Release|x64.Build.0 = Release|Any CPU
		{04AB9E59-4E6B-4768-B764-BE5979515D7D}.Release|x86.ActiveCfg = Release|Any CPU
		{04AB9E59-4E6B-4768-B764-BE5979515D7D}.Release|x86.Build.0 = Release|Any CPU
		{64E4BE10-F888-413D-AB52-557C6E7FB4DB}.Debug|Any CPU.ActiveCfg = Debug|Any CPU
		{64E4BE10-F888-413D-AB52-557C6E7FB4DB}.Debug|Any CPU.Build.0 = Debug|Any CPU
		{64E4BE10-F888-413D-AB52-557C6E7FB4DB}.Debug|x64.ActiveCfg = Debug|Any CPU
		{64E4BE10-F888-413D-AB52-557C6E7FB4DB}.Debug|x64.Build.0 = Debug|Any CPU
		{64E4BE10-F888-413D-AB52-557C6E7FB4DB}.Debug|x86.ActiveCfg = Debug|Any CPU
		{64E4BE10-F888-413D-AB52-557C6E7FB4DB}.Debug|x86.Build.0 = Debug|Any CPU
		{64E4BE10-F888-413D-AB52-557C6E7FB4DB}.Release|Any CPU.ActiveCfg = Release|Any CPU
		{64E4BE10-F888-413D-AB52-557C6E7FB4DB}.Release|Any CPU.Build.0 = Release|Any CPU
		{64E4BE10-F888-413D-AB52-557C6E7FB4DB}.Release|x64.ActiveCfg = Release|Any CPU
		{64E4BE10-F888-413D-AB52-557C6E7FB4DB}.Release|x64.Build.0 = Release|Any CPU
		{64E4BE10-F888-413D-AB52-557C6E7FB4DB}.Release|x86.ActiveCfg = Release|Any CPU
		{64E4BE10-F888-413D-AB52-557C6E7FB4DB}.Release|x86.Build.0 = Release|Any CPU
		{37E31984-FAB4-EC8E-643A-D12D29F5FFB8}.Debug|Any CPU.ActiveCfg = Debug|Any CPU
		{37E31984-FAB4-EC8E-643A-D12D29F5FFB8}.Debug|Any CPU.Build.0 = Debug|Any CPU
		{37E31984-FAB4-EC8E-643A-D12D29F5FFB8}.Debug|x64.ActiveCfg = Debug|Any CPU
		{37E31984-FAB4-EC8E-643A-D12D29F5FFB8}.Debug|x64.Build.0 = Debug|Any CPU
		{37E31984-FAB4-EC8E-643A-D12D29F5FFB8}.Debug|x86.ActiveCfg = Debug|Any CPU
		{37E31984-FAB4-EC8E-643A-D12D29F5FFB8}.Debug|x86.Build.0 = Debug|Any CPU
		{37E31984-FAB4-EC8E-643A-D12D29F5FFB8}.Release|Any CPU.ActiveCfg = Release|Any CPU
		{37E31984-FAB4-EC8E-643A-D12D29F5FFB8}.Release|Any CPU.Build.0 = Release|Any CPU
		{37E31984-FAB4-EC8E-643A-D12D29F5FFB8}.Release|x64.ActiveCfg = Release|Any CPU
		{37E31984-FAB4-EC8E-643A-D12D29F5FFB8}.Release|x64.Build.0 = Release|Any CPU
		{37E31984-FAB4-EC8E-643A-D12D29F5FFB8}.Release|x86.ActiveCfg = Release|Any CPU
		{37E31984-FAB4-EC8E-643A-D12D29F5FFB8}.Release|x86.Build.0 = Release|Any CPU
		{CE74E7CB-9C4D-0067-2131-D95058C2DC3C}.Debug|Any CPU.ActiveCfg = Debug|Any CPU
		{CE74E7CB-9C4D-0067-2131-D95058C2DC3C}.Debug|Any CPU.Build.0 = Debug|Any CPU
		{CE74E7CB-9C4D-0067-2131-D95058C2DC3C}.Debug|x64.ActiveCfg = Debug|Any CPU
		{CE74E7CB-9C4D-0067-2131-D95058C2DC3C}.Debug|x64.Build.0 = Debug|Any CPU
		{CE74E7CB-9C4D-0067-2131-D95058C2DC3C}.Debug|x86.ActiveCfg = Debug|Any CPU
		{CE74E7CB-9C4D-0067-2131-D95058C2DC3C}.Debug|x86.Build.0 = Debug|Any CPU
		{CE74E7CB-9C4D-0067-2131-D95058C2DC3C}.Release|Any CPU.ActiveCfg = Release|Any CPU
		{CE74E7CB-9C4D-0067-2131-D95058C2DC3C}.Release|Any CPU.Build.0 = Release|Any CPU
		{CE74E7CB-9C4D-0067-2131-D95058C2DC3C}.Release|x64.ActiveCfg = Release|Any CPU
		{CE74E7CB-9C4D-0067-2131-D95058C2DC3C}.Release|x64.Build.0 = Release|Any CPU
		{CE74E7CB-9C4D-0067-2131-D95058C2DC3C}.Release|x86.ActiveCfg = Release|Any CPU
		{CE74E7CB-9C4D-0067-2131-D95058C2DC3C}.Release|x86.Build.0 = Release|Any CPU
		{D0643C7B-956E-FE74-0AE0-D1BE8B79DE03}.Debug|Any CPU.ActiveCfg = Debug|Any CPU
		{D0643C7B-956E-FE74-0AE0-D1BE8B79DE03}.Debug|Any CPU.Build.0 = Debug|Any CPU
		{D0643C7B-956E-FE74-0AE0-D1BE8B79DE03}.Debug|x64.ActiveCfg = Debug|Any CPU
		{D0643C7B-956E-FE74-0AE0-D1BE8B79DE03}.Debug|x64.Build.0 = Debug|Any CPU
		{D0643C7B-956E-FE74-0AE0-D1BE8B79DE03}.Debug|x86.ActiveCfg = Debug|Any CPU
		{D0643C7B-956E-FE74-0AE0-D1BE8B79DE03}.Debug|x86.Build.0 = Debug|Any CPU
		{D0643C7B-956E-FE74-0AE0-D1BE8B79DE03}.Release|Any CPU.ActiveCfg = Release|Any CPU
		{D0643C7B-956E-FE74-0AE0-D1BE8B79DE03}.Release|Any CPU.Build.0 = Release|Any CPU
		{D0643C7B-956E-FE74-0AE0-D1BE8B79DE03}.Release|x64.ActiveCfg = Release|Any CPU
		{D0643C7B-956E-FE74-0AE0-D1BE8B79DE03}.Release|x64.Build.0 = Release|Any CPU
		{D0643C7B-956E-FE74-0AE0-D1BE8B79DE03}.Release|x86.ActiveCfg = Release|Any CPU
		{D0643C7B-956E-FE74-0AE0-D1BE8B79DE03}.Release|x86.Build.0 = Release|Any CPU
		{34B47F76-75CB-9A06-CA4F-120F27B158C6}.Debug|Any CPU.ActiveCfg = Debug|Any CPU
		{34B47F76-75CB-9A06-CA4F-120F27B158C6}.Debug|Any CPU.Build.0 = Debug|Any CPU
		{34B47F76-75CB-9A06-CA4F-120F27B158C6}.Debug|x64.ActiveCfg = Debug|Any CPU
		{34B47F76-75CB-9A06-CA4F-120F27B158C6}.Debug|x64.Build.0 = Debug|Any CPU
		{34B47F76-75CB-9A06-CA4F-120F27B158C6}.Debug|x86.ActiveCfg = Debug|Any CPU
		{34B47F76-75CB-9A06-CA4F-120F27B158C6}.Debug|x86.Build.0 = Debug|Any CPU
		{34B47F76-75CB-9A06-CA4F-120F27B158C6}.Release|Any CPU.ActiveCfg = Release|Any CPU
		{34B47F76-75CB-9A06-CA4F-120F27B158C6}.Release|Any CPU.Build.0 = Release|Any CPU
		{34B47F76-75CB-9A06-CA4F-120F27B158C6}.Release|x64.ActiveCfg = Release|Any CPU
		{34B47F76-75CB-9A06-CA4F-120F27B158C6}.Release|x64.Build.0 = Release|Any CPU
		{34B47F76-75CB-9A06-CA4F-120F27B158C6}.Release|x86.ActiveCfg = Release|Any CPU
		{34B47F76-75CB-9A06-CA4F-120F27B158C6}.Release|x86.Build.0 = Release|Any CPU
		{6229C21C-6D70-1032-28BC-133D76232D58}.Debug|Any CPU.ActiveCfg = Debug|Any CPU
		{6229C21C-6D70-1032-28BC-133D76232D58}.Debug|Any CPU.Build.0 = Debug|Any CPU
		{6229C21C-6D70-1032-28BC-133D76232D58}.Debug|x64.ActiveCfg = Debug|Any CPU
		{6229C21C-6D70-1032-28BC-133D76232D58}.Debug|x64.Build.0 = Debug|Any CPU
		{6229C21C-6D70-1032-28BC-133D76232D58}.Debug|x86.ActiveCfg = Debug|Any CPU
		{6229C21C-6D70-1032-28BC-133D76232D58}.Debug|x86.Build.0 = Debug|Any CPU
		{6229C21C-6D70-1032-28BC-133D76232D58}.Release|Any CPU.ActiveCfg = Release|Any CPU
		{6229C21C-6D70-1032-28BC-133D76232D58}.Release|Any CPU.Build.0 = Release|Any CPU
		{6229C21C-6D70-1032-28BC-133D76232D58}.Release|x64.ActiveCfg = Release|Any CPU
		{6229C21C-6D70-1032-28BC-133D76232D58}.Release|x64.Build.0 = Release|Any CPU
		{6229C21C-6D70-1032-28BC-133D76232D58}.Release|x86.ActiveCfg = Release|Any CPU
		{6229C21C-6D70-1032-28BC-133D76232D58}.Release|x86.Build.0 = Release|Any CPU
		{90277AAC-20A2-6E3D-E777-523F529AF231}.Debug|Any CPU.ActiveCfg = Debug|Any CPU
		{90277AAC-20A2-6E3D-E777-523F529AF231}.Debug|Any CPU.Build.0 = Debug|Any CPU
		{90277AAC-20A2-6E3D-E777-523F529AF231}.Debug|x64.ActiveCfg = Debug|Any CPU
		{90277AAC-20A2-6E3D-E777-523F529AF231}.Debug|x64.Build.0 = Debug|Any CPU
		{90277AAC-20A2-6E3D-E777-523F529AF231}.Debug|x86.ActiveCfg = Debug|Any CPU
		{90277AAC-20A2-6E3D-E777-523F529AF231}.Debug|x86.Build.0 = Debug|Any CPU
		{90277AAC-20A2-6E3D-E777-523F529AF231}.Release|Any CPU.ActiveCfg = Release|Any CPU
		{90277AAC-20A2-6E3D-E777-523F529AF231}.Release|Any CPU.Build.0 = Release|Any CPU
		{90277AAC-20A2-6E3D-E777-523F529AF231}.Release|x64.ActiveCfg = Release|Any CPU
		{90277AAC-20A2-6E3D-E777-523F529AF231}.Release|x64.Build.0 = Release|Any CPU
		{90277AAC-20A2-6E3D-E777-523F529AF231}.Release|x86.ActiveCfg = Release|Any CPU
		{90277AAC-20A2-6E3D-E777-523F529AF231}.Release|x86.Build.0 = Release|Any CPU
		{DA68AE9D-79CD-EB12-703D-1C978330283E}.Debug|Any CPU.ActiveCfg = Debug|Any CPU
		{DA68AE9D-79CD-EB12-703D-1C978330283E}.Debug|Any CPU.Build.0 = Debug|Any CPU
		{DA68AE9D-79CD-EB12-703D-1C978330283E}.Debug|x64.ActiveCfg = Debug|Any CPU
		{DA68AE9D-79CD-EB12-703D-1C978330283E}.Debug|x64.Build.0 = Debug|Any CPU
		{DA68AE9D-79CD-EB12-703D-1C978330283E}.Debug|x86.ActiveCfg = Debug|Any CPU
		{DA68AE9D-79CD-EB12-703D-1C978330283E}.Debug|x86.Build.0 = Debug|Any CPU
		{DA68AE9D-79CD-EB12-703D-1C978330283E}.Release|Any CPU.ActiveCfg = Release|Any CPU
		{DA68AE9D-79CD-EB12-703D-1C978330283E}.Release|Any CPU.Build.0 = Release|Any CPU
		{DA68AE9D-79CD-EB12-703D-1C978330283E}.Release|x64.ActiveCfg = Release|Any CPU
		{DA68AE9D-79CD-EB12-703D-1C978330283E}.Release|x64.Build.0 = Release|Any CPU
		{DA68AE9D-79CD-EB12-703D-1C978330283E}.Release|x86.ActiveCfg = Release|Any CPU
		{DA68AE9D-79CD-EB12-703D-1C978330283E}.Release|x86.Build.0 = Release|Any CPU
		{F6E017A7-71D6-E9D5-39F7-07415F586583}.Debug|Any CPU.ActiveCfg = Debug|Any CPU
		{F6E017A7-71D6-E9D5-39F7-07415F586583}.Debug|Any CPU.Build.0 = Debug|Any CPU
		{F6E017A7-71D6-E9D5-39F7-07415F586583}.Debug|x64.ActiveCfg = Debug|Any CPU
		{F6E017A7-71D6-E9D5-39F7-07415F586583}.Debug|x64.Build.0 = Debug|Any CPU
		{F6E017A7-71D6-E9D5-39F7-07415F586583}.Debug|x86.ActiveCfg = Debug|Any CPU
		{F6E017A7-71D6-E9D5-39F7-07415F586583}.Debug|x86.Build.0 = Debug|Any CPU
		{F6E017A7-71D6-E9D5-39F7-07415F586583}.Release|Any CPU.ActiveCfg = Release|Any CPU
		{F6E017A7-71D6-E9D5-39F7-07415F586583}.Release|Any CPU.Build.0 = Release|Any CPU
		{F6E017A7-71D6-E9D5-39F7-07415F586583}.Release|x64.ActiveCfg = Release|Any CPU
		{F6E017A7-71D6-E9D5-39F7-07415F586583}.Release|x64.Build.0 = Release|Any CPU
		{F6E017A7-71D6-E9D5-39F7-07415F586583}.Release|x86.ActiveCfg = Release|Any CPU
		{F6E017A7-71D6-E9D5-39F7-07415F586583}.Release|x86.Build.0 = Release|Any CPU
		{70ECB1E8-9A8F-A442-DA1C-7108B015A34E}.Debug|Any CPU.ActiveCfg = Debug|Any CPU
		{70ECB1E8-9A8F-A442-DA1C-7108B015A34E}.Debug|Any CPU.Build.0 = Debug|Any CPU
		{70ECB1E8-9A8F-A442-DA1C-7108B015A34E}.Debug|x64.ActiveCfg = Debug|Any CPU
		{70ECB1E8-9A8F-A442-DA1C-7108B015A34E}.Debug|x64.Build.0 = Debug|Any CPU
		{70ECB1E8-9A8F-A442-DA1C-7108B015A34E}.Debug|x86.ActiveCfg = Debug|Any CPU
		{70ECB1E8-9A8F-A442-DA1C-7108B015A34E}.Debug|x86.Build.0 = Debug|Any CPU
		{70ECB1E8-9A8F-A442-DA1C-7108B015A34E}.Release|Any CPU.ActiveCfg = Release|Any CPU
		{70ECB1E8-9A8F-A442-DA1C-7108B015A34E}.Release|Any CPU.Build.0 = Release|Any CPU
		{70ECB1E8-9A8F-A442-DA1C-7108B015A34E}.Release|x64.ActiveCfg = Release|Any CPU
		{70ECB1E8-9A8F-A442-DA1C-7108B015A34E}.Release|x64.Build.0 = Release|Any CPU
		{70ECB1E8-9A8F-A442-DA1C-7108B015A34E}.Release|x86.ActiveCfg = Release|Any CPU
		{70ECB1E8-9A8F-A442-DA1C-7108B015A34E}.Release|x86.Build.0 = Release|Any CPU
		{F2C6326F-7AA7-909C-9599-11ED058B164F}.Debug|Any CPU.ActiveCfg = Debug|Any CPU
		{F2C6326F-7AA7-909C-9599-11ED058B164F}.Debug|Any CPU.Build.0 = Debug|Any CPU
		{F2C6326F-7AA7-909C-9599-11ED058B164F}.Debug|x64.ActiveCfg = Debug|Any CPU
		{F2C6326F-7AA7-909C-9599-11ED058B164F}.Debug|x64.Build.0 = Debug|Any CPU
		{F2C6326F-7AA7-909C-9599-11ED058B164F}.Debug|x86.ActiveCfg = Debug|Any CPU
		{F2C6326F-7AA7-909C-9599-11ED058B164F}.Debug|x86.Build.0 = Debug|Any CPU
		{F2C6326F-7AA7-909C-9599-11ED058B164F}.Release|Any CPU.ActiveCfg = Release|Any CPU
		{F2C6326F-7AA7-909C-9599-11ED058B164F}.Release|Any CPU.Build.0 = Release|Any CPU
		{F2C6326F-7AA7-909C-9599-11ED058B164F}.Release|x64.ActiveCfg = Release|Any CPU
		{F2C6326F-7AA7-909C-9599-11ED058B164F}.Release|x64.Build.0 = Release|Any CPU
		{F2C6326F-7AA7-909C-9599-11ED058B164F}.Release|x86.ActiveCfg = Release|Any CPU
		{F2C6326F-7AA7-909C-9599-11ED058B164F}.Release|x86.Build.0 = Release|Any CPU
		{39F1A456-9F10-4614-BAF5-16474BDF3FE9}.Debug|Any CPU.ActiveCfg = Debug|Any CPU
		{39F1A456-9F10-4614-BAF5-16474BDF3FE9}.Debug|Any CPU.Build.0 = Debug|Any CPU
		{39F1A456-9F10-4614-BAF5-16474BDF3FE9}.Debug|x64.ActiveCfg = Debug|Any CPU
		{39F1A456-9F10-4614-BAF5-16474BDF3FE9}.Debug|x64.Build.0 = Debug|Any CPU
		{39F1A456-9F10-4614-BAF5-16474BDF3FE9}.Debug|x86.ActiveCfg = Debug|Any CPU
		{39F1A456-9F10-4614-BAF5-16474BDF3FE9}.Debug|x86.Build.0 = Debug|Any CPU
		{39F1A456-9F10-4614-BAF5-16474BDF3FE9}.Release|Any CPU.ActiveCfg = Release|Any CPU
		{39F1A456-9F10-4614-BAF5-16474BDF3FE9}.Release|Any CPU.Build.0 = Release|Any CPU
		{39F1A456-9F10-4614-BAF5-16474BDF3FE9}.Release|x64.ActiveCfg = Release|Any CPU
		{39F1A456-9F10-4614-BAF5-16474BDF3FE9}.Release|x64.Build.0 = Release|Any CPU
		{39F1A456-9F10-4614-BAF5-16474BDF3FE9}.Release|x86.ActiveCfg = Release|Any CPU
		{39F1A456-9F10-4614-BAF5-16474BDF3FE9}.Release|x86.Build.0 = Release|Any CPU
		{1494369E-10C5-4CF1-8290-D13A22233C61}.Debug|Any CPU.ActiveCfg = Debug|Any CPU
		{1494369E-10C5-4CF1-8290-D13A22233C61}.Debug|Any CPU.Build.0 = Debug|Any CPU
		{1494369E-10C5-4CF1-8290-D13A22233C61}.Debug|x64.ActiveCfg = Debug|Any CPU
		{1494369E-10C5-4CF1-8290-D13A22233C61}.Debug|x64.Build.0 = Debug|Any CPU
		{1494369E-10C5-4CF1-8290-D13A22233C61}.Debug|x86.ActiveCfg = Debug|Any CPU
		{1494369E-10C5-4CF1-8290-D13A22233C61}.Debug|x86.Build.0 = Debug|Any CPU
		{1494369E-10C5-4CF1-8290-D13A22233C61}.Release|Any CPU.ActiveCfg = Release|Any CPU
		{1494369E-10C5-4CF1-8290-D13A22233C61}.Release|Any CPU.Build.0 = Release|Any CPU
		{1494369E-10C5-4CF1-8290-D13A22233C61}.Release|x64.ActiveCfg = Release|Any CPU
		{1494369E-10C5-4CF1-8290-D13A22233C61}.Release|x64.Build.0 = Release|Any CPU
		{1494369E-10C5-4CF1-8290-D13A22233C61}.Release|x86.ActiveCfg = Release|Any CPU
		{1494369E-10C5-4CF1-8290-D13A22233C61}.Release|x86.Build.0 = Release|Any CPU
		{0F8EFD37-1636-4F25-9C88-432494ED53BF}.Debug|Any CPU.ActiveCfg = Debug|Any CPU
		{0F8EFD37-1636-4F25-9C88-432494ED53BF}.Debug|Any CPU.Build.0 = Debug|Any CPU
		{0F8EFD37-1636-4F25-9C88-432494ED53BF}.Debug|x64.ActiveCfg = Debug|Any CPU
		{0F8EFD37-1636-4F25-9C88-432494ED53BF}.Debug|x64.Build.0 = Debug|Any CPU
		{0F8EFD37-1636-4F25-9C88-432494ED53BF}.Debug|x86.ActiveCfg = Debug|Any CPU
		{0F8EFD37-1636-4F25-9C88-432494ED53BF}.Debug|x86.Build.0 = Debug|Any CPU
		{0F8EFD37-1636-4F25-9C88-432494ED53BF}.Release|Any CPU.ActiveCfg = Release|Any CPU
		{0F8EFD37-1636-4F25-9C88-432494ED53BF}.Release|Any CPU.Build.0 = Release|Any CPU
		{0F8EFD37-1636-4F25-9C88-432494ED53BF}.Release|x64.ActiveCfg = Release|Any CPU
		{0F8EFD37-1636-4F25-9C88-432494ED53BF}.Release|x64.Build.0 = Release|Any CPU
		{0F8EFD37-1636-4F25-9C88-432494ED53BF}.Release|x86.ActiveCfg = Release|Any CPU
		{0F8EFD37-1636-4F25-9C88-432494ED53BF}.Release|x86.Build.0 = Release|Any CPU
		{EEBD4389-556A-4334-B0BC-6A13A513E12F}.Debug|Any CPU.ActiveCfg = Debug|Any CPU
		{EEBD4389-556A-4334-B0BC-6A13A513E12F}.Debug|Any CPU.Build.0 = Debug|Any CPU
		{EEBD4389-556A-4334-B0BC-6A13A513E12F}.Debug|x64.ActiveCfg = Debug|Any CPU
		{EEBD4389-556A-4334-B0BC-6A13A513E12F}.Debug|x64.Build.0 = Debug|Any CPU
		{EEBD4389-556A-4334-B0BC-6A13A513E12F}.Debug|x86.ActiveCfg = Debug|Any CPU
		{EEBD4389-556A-4334-B0BC-6A13A513E12F}.Debug|x86.Build.0 = Debug|Any CPU
		{EEBD4389-556A-4334-B0BC-6A13A513E12F}.Release|Any CPU.ActiveCfg = Release|Any CPU
		{EEBD4389-556A-4334-B0BC-6A13A513E12F}.Release|Any CPU.Build.0 = Release|Any CPU
		{EEBD4389-556A-4334-B0BC-6A13A513E12F}.Release|x64.ActiveCfg = Release|Any CPU
		{EEBD4389-556A-4334-B0BC-6A13A513E12F}.Release|x64.Build.0 = Release|Any CPU
		{EEBD4389-556A-4334-B0BC-6A13A513E12F}.Release|x86.ActiveCfg = Release|Any CPU
		{EEBD4389-556A-4334-B0BC-6A13A513E12F}.Release|x86.Build.0 = Release|Any CPU
		{DE676E65-EA92-470A-A311-2E0A0076E4DC}.Debug|Any CPU.ActiveCfg = Debug|Any CPU
		{DE676E65-EA92-470A-A311-2E0A0076E4DC}.Debug|Any CPU.Build.0 = Debug|Any CPU
		{DE676E65-EA92-470A-A311-2E0A0076E4DC}.Debug|x64.ActiveCfg = Debug|Any CPU
		{DE676E65-EA92-470A-A311-2E0A0076E4DC}.Debug|x64.Build.0 = Debug|Any CPU
		{DE676E65-EA92-470A-A311-2E0A0076E4DC}.Debug|x86.ActiveCfg = Debug|Any CPU
		{DE676E65-EA92-470A-A311-2E0A0076E4DC}.Debug|x86.Build.0 = Debug|Any CPU
		{DE676E65-EA92-470A-A311-2E0A0076E4DC}.Release|Any CPU.ActiveCfg = Release|Any CPU
		{DE676E65-EA92-470A-A311-2E0A0076E4DC}.Release|Any CPU.Build.0 = Release|Any CPU
		{DE676E65-EA92-470A-A311-2E0A0076E4DC}.Release|x64.ActiveCfg = Release|Any CPU
		{DE676E65-EA92-470A-A311-2E0A0076E4DC}.Release|x64.Build.0 = Release|Any CPU
		{DE676E65-EA92-470A-A311-2E0A0076E4DC}.Release|x86.ActiveCfg = Release|Any CPU
		{DE676E65-EA92-470A-A311-2E0A0076E4DC}.Release|x86.Build.0 = Release|Any CPU
		{FF256104-09A7-445B-9BBF-3475A4854DB3}.Debug|Any CPU.ActiveCfg = Debug|Any CPU
		{FF256104-09A7-445B-9BBF-3475A4854DB3}.Debug|Any CPU.Build.0 = Debug|Any CPU
		{FF256104-09A7-445B-9BBF-3475A4854DB3}.Debug|x64.ActiveCfg = Debug|Any CPU
		{FF256104-09A7-445B-9BBF-3475A4854DB3}.Debug|x64.Build.0 = Debug|Any CPU
		{FF256104-09A7-445B-9BBF-3475A4854DB3}.Debug|x86.ActiveCfg = Debug|Any CPU
		{FF256104-09A7-445B-9BBF-3475A4854DB3}.Debug|x86.Build.0 = Debug|Any CPU
		{FF256104-09A7-445B-9BBF-3475A4854DB3}.Release|Any CPU.ActiveCfg = Release|Any CPU
		{FF256104-09A7-445B-9BBF-3475A4854DB3}.Release|Any CPU.Build.0 = Release|Any CPU
		{FF256104-09A7-445B-9BBF-3475A4854DB3}.Release|x64.ActiveCfg = Release|Any CPU
		{FF256104-09A7-445B-9BBF-3475A4854DB3}.Release|x64.Build.0 = Release|Any CPU
		{FF256104-09A7-445B-9BBF-3475A4854DB3}.Release|x86.ActiveCfg = Release|Any CPU
		{FF256104-09A7-445B-9BBF-3475A4854DB3}.Release|x86.Build.0 = Release|Any CPU
		{BCD58A6A-DBE0-4C06-9036-DCAC0C50C61D}.Debug|Any CPU.ActiveCfg = Debug|Any CPU
		{BCD58A6A-DBE0-4C06-9036-DCAC0C50C61D}.Debug|Any CPU.Build.0 = Debug|Any CPU
		{BCD58A6A-DBE0-4C06-9036-DCAC0C50C61D}.Debug|x64.ActiveCfg = Debug|Any CPU
		{BCD58A6A-DBE0-4C06-9036-DCAC0C50C61D}.Debug|x64.Build.0 = Debug|Any CPU
		{BCD58A6A-DBE0-4C06-9036-DCAC0C50C61D}.Debug|x86.ActiveCfg = Debug|Any CPU
		{BCD58A6A-DBE0-4C06-9036-DCAC0C50C61D}.Debug|x86.Build.0 = Debug|Any CPU
		{BCD58A6A-DBE0-4C06-9036-DCAC0C50C61D}.Release|Any CPU.ActiveCfg = Release|Any CPU
		{BCD58A6A-DBE0-4C06-9036-DCAC0C50C61D}.Release|Any CPU.Build.0 = Release|Any CPU
		{BCD58A6A-DBE0-4C06-9036-DCAC0C50C61D}.Release|x64.ActiveCfg = Release|Any CPU
		{BCD58A6A-DBE0-4C06-9036-DCAC0C50C61D}.Release|x64.Build.0 = Release|Any CPU
		{BCD58A6A-DBE0-4C06-9036-DCAC0C50C61D}.Release|x86.ActiveCfg = Release|Any CPU
		{BCD58A6A-DBE0-4C06-9036-DCAC0C50C61D}.Release|x86.Build.0 = Release|Any CPU
		{4C04FF67-F5B2-49AC-A47D-3E6E1BE7D05C}.Debug|Any CPU.ActiveCfg = Debug|Any CPU
		{4C04FF67-F5B2-49AC-A47D-3E6E1BE7D05C}.Debug|Any CPU.Build.0 = Debug|Any CPU
		{4C04FF67-F5B2-49AC-A47D-3E6E1BE7D05C}.Debug|x64.ActiveCfg = Debug|Any CPU
		{4C04FF67-F5B2-49AC-A47D-3E6E1BE7D05C}.Debug|x64.Build.0 = Debug|Any CPU
		{4C04FF67-F5B2-49AC-A47D-3E6E1BE7D05C}.Debug|x86.ActiveCfg = Debug|Any CPU
		{4C04FF67-F5B2-49AC-A47D-3E6E1BE7D05C}.Debug|x86.Build.0 = Debug|Any CPU
		{4C04FF67-F5B2-49AC-A47D-3E6E1BE7D05C}.Release|Any CPU.ActiveCfg = Release|Any CPU
		{4C04FF67-F5B2-49AC-A47D-3E6E1BE7D05C}.Release|Any CPU.Build.0 = Release|Any CPU
		{4C04FF67-F5B2-49AC-A47D-3E6E1BE7D05C}.Release|x64.ActiveCfg = Release|Any CPU
		{4C04FF67-F5B2-49AC-A47D-3E6E1BE7D05C}.Release|x64.Build.0 = Release|Any CPU
		{4C04FF67-F5B2-49AC-A47D-3E6E1BE7D05C}.Release|x86.ActiveCfg = Release|Any CPU
		{4C04FF67-F5B2-49AC-A47D-3E6E1BE7D05C}.Release|x86.Build.0 = Release|Any CPU
		{E6593775-3001-4C15-AF1B-F023FE835DE6}.Debug|Any CPU.ActiveCfg = Debug|Any CPU
		{E6593775-3001-4C15-AF1B-F023FE835DE6}.Debug|Any CPU.Build.0 = Debug|Any CPU
		{E6593775-3001-4C15-AF1B-F023FE835DE6}.Debug|x64.ActiveCfg = Debug|Any CPU
		{E6593775-3001-4C15-AF1B-F023FE835DE6}.Debug|x64.Build.0 = Debug|Any CPU
		{E6593775-3001-4C15-AF1B-F023FE835DE6}.Debug|x86.ActiveCfg = Debug|Any CPU
		{E6593775-3001-4C15-AF1B-F023FE835DE6}.Debug|x86.Build.0 = Debug|Any CPU
		{E6593775-3001-4C15-AF1B-F023FE835DE6}.Release|Any CPU.ActiveCfg = Release|Any CPU
		{E6593775-3001-4C15-AF1B-F023FE835DE6}.Release|Any CPU.Build.0 = Release|Any CPU
		{E6593775-3001-4C15-AF1B-F023FE835DE6}.Release|x64.ActiveCfg = Release|Any CPU
		{E6593775-3001-4C15-AF1B-F023FE835DE6}.Release|x64.Build.0 = Release|Any CPU
		{E6593775-3001-4C15-AF1B-F023FE835DE6}.Release|x86.ActiveCfg = Release|Any CPU
		{E6593775-3001-4C15-AF1B-F023FE835DE6}.Release|x86.Build.0 = Release|Any CPU
		{F5AF1E71-72AC-47FC-81CA-34F950D794FF}.Debug|Any CPU.ActiveCfg = Debug|Any CPU
		{F5AF1E71-72AC-47FC-81CA-34F950D794FF}.Debug|Any CPU.Build.0 = Debug|Any CPU
		{F5AF1E71-72AC-47FC-81CA-34F950D794FF}.Debug|x64.ActiveCfg = Debug|x64
		{F5AF1E71-72AC-47FC-81CA-34F950D794FF}.Debug|x64.Build.0 = Debug|x64
		{F5AF1E71-72AC-47FC-81CA-34F950D794FF}.Debug|x86.ActiveCfg = Debug|Any CPU
		{F5AF1E71-72AC-47FC-81CA-34F950D794FF}.Debug|x86.Build.0 = Debug|Any CPU
		{F5AF1E71-72AC-47FC-81CA-34F950D794FF}.Release|Any CPU.ActiveCfg = Release|Any CPU
		{F5AF1E71-72AC-47FC-81CA-34F950D794FF}.Release|Any CPU.Build.0 = Release|Any CPU
		{F5AF1E71-72AC-47FC-81CA-34F950D794FF}.Release|x64.ActiveCfg = Release|x64
		{F5AF1E71-72AC-47FC-81CA-34F950D794FF}.Release|x64.Build.0 = Release|x64
		{F5AF1E71-72AC-47FC-81CA-34F950D794FF}.Release|x86.ActiveCfg = Release|Any CPU
		{F5AF1E71-72AC-47FC-81CA-34F950D794FF}.Release|x86.Build.0 = Release|Any CPU
		{98DF5889-602C-4E96-B2B8-E346AADF5858}.Debug|Any CPU.ActiveCfg = Debug|Any CPU
		{98DF5889-602C-4E96-B2B8-E346AADF5858}.Debug|Any CPU.Build.0 = Debug|Any CPU
		{98DF5889-602C-4E96-B2B8-E346AADF5858}.Debug|x64.ActiveCfg = Debug|Any CPU
		{98DF5889-602C-4E96-B2B8-E346AADF5858}.Debug|x64.Build.0 = Debug|Any CPU
		{98DF5889-602C-4E96-B2B8-E346AADF5858}.Debug|x86.ActiveCfg = Debug|Any CPU
		{98DF5889-602C-4E96-B2B8-E346AADF5858}.Debug|x86.Build.0 = Debug|Any CPU
		{98DF5889-602C-4E96-B2B8-E346AADF5858}.Release|Any CPU.ActiveCfg = Release|Any CPU
		{98DF5889-602C-4E96-B2B8-E346AADF5858}.Release|Any CPU.Build.0 = Release|Any CPU
		{98DF5889-602C-4E96-B2B8-E346AADF5858}.Release|x64.ActiveCfg = Release|Any CPU
		{98DF5889-602C-4E96-B2B8-E346AADF5858}.Release|x64.Build.0 = Release|Any CPU
		{98DF5889-602C-4E96-B2B8-E346AADF5858}.Release|x86.ActiveCfg = Release|Any CPU
		{98DF5889-602C-4E96-B2B8-E346AADF5858}.Release|x86.Build.0 = Release|Any CPU
		{738A3D90-664C-45B9-9AC2-2DF6C0B9A3BB}.Debug|Any CPU.ActiveCfg = Debug|Any CPU
		{738A3D90-664C-45B9-9AC2-2DF6C0B9A3BB}.Debug|Any CPU.Build.0 = Debug|Any CPU
		{738A3D90-664C-45B9-9AC2-2DF6C0B9A3BB}.Debug|x64.ActiveCfg = Debug|Any CPU
		{738A3D90-664C-45B9-9AC2-2DF6C0B9A3BB}.Debug|x64.Build.0 = Debug|Any CPU
		{738A3D90-664C-45B9-9AC2-2DF6C0B9A3BB}.Debug|x86.ActiveCfg = Debug|Any CPU
		{738A3D90-664C-45B9-9AC2-2DF6C0B9A3BB}.Debug|x86.Build.0 = Debug|Any CPU
		{738A3D90-664C-45B9-9AC2-2DF6C0B9A3BB}.Release|Any CPU.ActiveCfg = Release|Any CPU
		{738A3D90-664C-45B9-9AC2-2DF6C0B9A3BB}.Release|Any CPU.Build.0 = Release|Any CPU
		{738A3D90-664C-45B9-9AC2-2DF6C0B9A3BB}.Release|x64.ActiveCfg = Release|Any CPU
		{738A3D90-664C-45B9-9AC2-2DF6C0B9A3BB}.Release|x64.Build.0 = Release|Any CPU
		{738A3D90-664C-45B9-9AC2-2DF6C0B9A3BB}.Release|x86.ActiveCfg = Release|Any CPU
		{738A3D90-664C-45B9-9AC2-2DF6C0B9A3BB}.Release|x86.Build.0 = Release|Any CPU
		{475E446F-9C42-4AB1-8DB0-ACFCCE13FC9A}.Debug|Any CPU.ActiveCfg = Debug|Any CPU
		{475E446F-9C42-4AB1-8DB0-ACFCCE13FC9A}.Debug|Any CPU.Build.0 = Debug|Any CPU
		{475E446F-9C42-4AB1-8DB0-ACFCCE13FC9A}.Debug|x64.ActiveCfg = Debug|Any CPU
		{475E446F-9C42-4AB1-8DB0-ACFCCE13FC9A}.Debug|x64.Build.0 = Debug|Any CPU
		{475E446F-9C42-4AB1-8DB0-ACFCCE13FC9A}.Debug|x86.ActiveCfg = Debug|Any CPU
		{475E446F-9C42-4AB1-8DB0-ACFCCE13FC9A}.Debug|x86.Build.0 = Debug|Any CPU
		{475E446F-9C42-4AB1-8DB0-ACFCCE13FC9A}.Release|Any CPU.ActiveCfg = Release|Any CPU
		{475E446F-9C42-4AB1-8DB0-ACFCCE13FC9A}.Release|Any CPU.Build.0 = Release|Any CPU
		{475E446F-9C42-4AB1-8DB0-ACFCCE13FC9A}.Release|x64.ActiveCfg = Release|Any CPU
		{475E446F-9C42-4AB1-8DB0-ACFCCE13FC9A}.Release|x64.Build.0 = Release|Any CPU
		{475E446F-9C42-4AB1-8DB0-ACFCCE13FC9A}.Release|x86.ActiveCfg = Release|Any CPU
		{475E446F-9C42-4AB1-8DB0-ACFCCE13FC9A}.Release|x86.Build.0 = Release|Any CPU
		{D8E9F0A1-2B3C-4D5E-9F8A-7B6C5D4E3F2A}.Debug|Any CPU.ActiveCfg = Debug|Any CPU
		{D8E9F0A1-2B3C-4D5E-9F8A-7B6C5D4E3F2A}.Debug|Any CPU.Build.0 = Debug|Any CPU
		{D8E9F0A1-2B3C-4D5E-9F8A-7B6C5D4E3F2A}.Debug|x64.ActiveCfg = Debug|Any CPU
		{D8E9F0A1-2B3C-4D5E-9F8A-7B6C5D4E3F2A}.Debug|x64.Build.0 = Debug|Any CPU
		{D8E9F0A1-2B3C-4D5E-9F8A-7B6C5D4E3F2A}.Debug|x86.ActiveCfg = Debug|Any CPU
		{D8E9F0A1-2B3C-4D5E-9F8A-7B6C5D4E3F2A}.Debug|x86.Build.0 = Debug|Any CPU
		{D8E9F0A1-2B3C-4D5E-9F8A-7B6C5D4E3F2A}.Release|Any CPU.ActiveCfg = Release|Any CPU
		{D8E9F0A1-2B3C-4D5E-9F8A-7B6C5D4E3F2A}.Release|Any CPU.Build.0 = Release|Any CPU
		{D8E9F0A1-2B3C-4D5E-9F8A-7B6C5D4E3F2A}.Release|x64.ActiveCfg = Release|Any CPU
		{D8E9F0A1-2B3C-4D5E-9F8A-7B6C5D4E3F2A}.Release|x64.Build.0 = Release|Any CPU
		{D8E9F0A1-2B3C-4D5E-9F8A-7B6C5D4E3F2A}.Release|x86.ActiveCfg = Release|Any CPU
		{D8E9F0A1-2B3C-4D5E-9F8A-7B6C5D4E3F2A}.Release|x86.Build.0 = Release|Any CPU
		{35354AE0-AC1E-494A-9B2E-0109D13CBEE1}.Debug|Any CPU.ActiveCfg = Debug|Any CPU
		{35354AE0-AC1E-494A-9B2E-0109D13CBEE1}.Debug|Any CPU.Build.0 = Debug|Any CPU
		{35354AE0-AC1E-494A-9B2E-0109D13CBEE1}.Debug|x64.ActiveCfg = Debug|Any CPU
		{35354AE0-AC1E-494A-9B2E-0109D13CBEE1}.Debug|x64.Build.0 = Debug|Any CPU
		{35354AE0-AC1E-494A-9B2E-0109D13CBEE1}.Debug|x86.ActiveCfg = Debug|Any CPU
		{35354AE0-AC1E-494A-9B2E-0109D13CBEE1}.Debug|x86.Build.0 = Debug|Any CPU
		{35354AE0-AC1E-494A-9B2E-0109D13CBEE1}.Release|Any CPU.ActiveCfg = Release|Any CPU
		{35354AE0-AC1E-494A-9B2E-0109D13CBEE1}.Release|Any CPU.Build.0 = Release|Any CPU
		{35354AE0-AC1E-494A-9B2E-0109D13CBEE1}.Release|x64.ActiveCfg = Release|Any CPU
		{35354AE0-AC1E-494A-9B2E-0109D13CBEE1}.Release|x64.Build.0 = Release|Any CPU
		{35354AE0-AC1E-494A-9B2E-0109D13CBEE1}.Release|x86.ActiveCfg = Release|Any CPU
		{35354AE0-AC1E-494A-9B2E-0109D13CBEE1}.Release|x86.Build.0 = Release|Any CPU
	EndGlobalSection
	GlobalSection(SolutionProperties) = preSolution
		HideSolutionNode = FALSE
	EndGlobalSection
	GlobalSection(NestedProjects) = preSolution
		{DCB68EF5-DDB4-4500-A98A-83FF4DCF214B} = {1B59A36D-0754-456B-B35F-1959C2F3EC04}
		{A9759006-E335-402C-A409-22E5945CCA99} = {DCB68EF5-DDB4-4500-A98A-83FF4DCF214B}
		{7798BB6D-41E1-465B-A25C-8CF00755F006} = {DCB68EF5-DDB4-4500-A98A-83FF4DCF214B}
		{7EABB929-D3AD-4270-B81D-E7387CEA5399} = {DCB68EF5-DDB4-4500-A98A-83FF4DCF214B}
		{86E6AC1B-22CB-40CB-9A41-7A4A2D1C472F} = {1B59A36D-0754-456B-B35F-1959C2F3EC04}
		{1F13FB85-3985-48EC-83BC-5335A83A21D5} = {86E6AC1B-22CB-40CB-9A41-7A4A2D1C472F}
		{A3F0CD36-F523-491E-8812-79CF323D79B8} = {86E6AC1B-22CB-40CB-9A41-7A4A2D1C472F}
		{FF87119D-5F08-47BE-882E-D6B803AFEAF9} = {86E6AC1B-22CB-40CB-9A41-7A4A2D1C472F}
		{A6BDA269-8FF6-4A3D-8721-0C41E5C36470} = {86E6AC1B-22CB-40CB-9A41-7A4A2D1C472F}
		{B190E325-924D-4F7D-AA20-AA1495EE9670} = {86E6AC1B-22CB-40CB-9A41-7A4A2D1C472F}
		{52B08F0F-548E-4971-8732-0FD29B4B08D9} = {86E6AC1B-22CB-40CB-9A41-7A4A2D1C472F}
		{6C4333B9-9210-4FB4-83D3-48CC0B15717E} = {86E6AC1B-22CB-40CB-9A41-7A4A2D1C472F}
		{F350630A-9B40-4312-B56F-1CFFED51099C} = {86E6AC1B-22CB-40CB-9A41-7A4A2D1C472F}
		{3AFD493E-D5E9-434A-AC19-03A5C2681F08} = {86E6AC1B-22CB-40CB-9A41-7A4A2D1C472F}
		{70D43D5A-9B35-482E-8771-49913224C594} = {86E6AC1B-22CB-40CB-9A41-7A4A2D1C472F}
		{4667D5BA-520F-4D9E-A277-7B24B05B7BEC} = {86E6AC1B-22CB-40CB-9A41-7A4A2D1C472F}
		{3F517AF6-FABD-4C86-856E-2BA95DB1B71E} = {86E6AC1B-22CB-40CB-9A41-7A4A2D1C472F}
		{A2950621-380C-4C30-BCB5-A297E9D75AB4} = {86E6AC1B-22CB-40CB-9A41-7A4A2D1C472F}
		{B94A8180-08DC-405D-9A33-84185B7B8B79} = {86E6AC1B-22CB-40CB-9A41-7A4A2D1C472F}
		{2F9EC201-24DE-477C-8205-7C8D3140E2E4} = {1B59A36D-0754-456B-B35F-1959C2F3EC04}
		{DAC4DF39-8F45-4C80-AEB3-5BE1782369A8} = {2F9EC201-24DE-477C-8205-7C8D3140E2E4}
		{76A8E3C0-E8CB-4252-ABB3-E7397BACC0E1} = {1B59A36D-0754-456B-B35F-1959C2F3EC04}
		{A8FC3A4D-ECC0-4340-A2F9-310DBC65A3F3} = {1B59A36D-0754-456B-B35F-1959C2F3EC04}
		{69650BB6-4AFC-4F12-BBA3-9C23E5916FDA} = {1B59A36D-0754-456B-B35F-1959C2F3EC04}
		{7484A1E6-C89D-47DF-9C52-FC1A81A20C0A} = {86E6AC1B-22CB-40CB-9A41-7A4A2D1C472F}
		{34F6F04C-82CC-42CD-BAA9-DAA121802B19} = {86E6AC1B-22CB-40CB-9A41-7A4A2D1C472F}
		{476344CA-A960-4CEF-9708-72A58D6E73AB} = {86E6AC1B-22CB-40CB-9A41-7A4A2D1C472F}
		{A81B29B6-59EF-4167-A91A-7AF54B9AEEE7} = {86E6AC1B-22CB-40CB-9A41-7A4A2D1C472F}
		{BFF46B0B-A592-48C9-9FAC-5DA07EBA4E2B} = {76A8E3C0-E8CB-4252-ABB3-E7397BACC0E1}
		{E4C6183D-D95A-4F03-869D-A78E2DDBD278} = {86E6AC1B-22CB-40CB-9A41-7A4A2D1C472F}
		{71615252-787C-4A20-93DB-9204A8F27574} = {86E6AC1B-22CB-40CB-9A41-7A4A2D1C472F}
		{04AB9E59-4E6B-4768-B764-BE5979515D7D} = {86E6AC1B-22CB-40CB-9A41-7A4A2D1C472F}
		{64E4BE10-F888-413D-AB52-557C6E7FB4DB} = {DCB68EF5-DDB4-4500-A98A-83FF4DCF214B}
		{37E31984-FAB4-EC8E-643A-D12D29F5FFB8} = {86E6AC1B-22CB-40CB-9A41-7A4A2D1C472F}
		{02EA681E-C7D8-13C7-8484-4AC65E1B71E8} = {1B59A36D-0754-456B-B35F-1959C2F3EC04}
		{CE74E7CB-9C4D-0067-2131-D95058C2DC3C} = {02EA681E-C7D8-13C7-8484-4AC65E1B71E8}
		{D0643C7B-956E-FE74-0AE0-D1BE8B79DE03} = {02EA681E-C7D8-13C7-8484-4AC65E1B71E8}
		{34B47F76-75CB-9A06-CA4F-120F27B158C6} = {02EA681E-C7D8-13C7-8484-4AC65E1B71E8}
		{6229C21C-6D70-1032-28BC-133D76232D58} = {02EA681E-C7D8-13C7-8484-4AC65E1B71E8}
		{90277AAC-20A2-6E3D-E777-523F529AF231} = {02EA681E-C7D8-13C7-8484-4AC65E1B71E8}
		{DA68AE9D-79CD-EB12-703D-1C978330283E} = {02EA681E-C7D8-13C7-8484-4AC65E1B71E8}
		{F6E017A7-71D6-E9D5-39F7-07415F586583} = {02EA681E-C7D8-13C7-8484-4AC65E1B71E8}
		{70ECB1E8-9A8F-A442-DA1C-7108B015A34E} = {02EA681E-C7D8-13C7-8484-4AC65E1B71E8}
		{16DFF50B-2E76-4A7A-9634-7C655C58F025} = {02EA681E-C7D8-13C7-8484-4AC65E1B71E8}
		{F2C6326F-7AA7-909C-9599-11ED058B164F} = {69650BB6-4AFC-4F12-BBA3-9C23E5916FDA}
		{39F1A456-9F10-4614-BAF5-16474BDF3FE9} = {0AB3BF05-4346-4AA6-1389-037BE0695223}
		{1494369E-10C5-4CF1-8290-D13A22233C61} = {A7FFB67D-78BD-B692-0A70-32071179BAD1}
		{0F8EFD37-1636-4F25-9C88-432494ED53BF} = {A7FFB67D-78BD-B692-0A70-32071179BAD1}
		{EEBD4389-556A-4334-B0BC-6A13A513E12F} = {0AB3BF05-4346-4AA6-1389-037BE0695223}
		{DE676E65-EA92-470A-A311-2E0A0076E4DC} = {0AB3BF05-4346-4AA6-1389-037BE0695223}
		{FF256104-09A7-445B-9BBF-3475A4854DB3} = {827E0CD3-B72D-47B6-A68D-7590B98EB39B}
		{BCD58A6A-DBE0-4C06-9036-DCAC0C50C61D} = {827E0CD3-B72D-47B6-A68D-7590B98EB39B}
		{4C04FF67-F5B2-49AC-A47D-3E6E1BE7D05C} = {827E0CD3-B72D-47B6-A68D-7590B98EB39B}
		{E6593775-3001-4C15-AF1B-F023FE835DE6} = {827E0CD3-B72D-47B6-A68D-7590B98EB39B}
		{F5AF1E71-72AC-47FC-81CA-34F950D794FF} = {827E0CD3-B72D-47B6-A68D-7590B98EB39B}
		{98DF5889-602C-4E96-B2B8-E346AADF5858} = {827E0CD3-B72D-47B6-A68D-7590B98EB39B}
		{738A3D90-664C-45B9-9AC2-2DF6C0B9A3BB} = {971236E7-4A67-C57E-E08E-A8E6F00FC592}
		{475E446F-9C42-4AB1-8DB0-ACFCCE13FC9A} = {0AB3BF05-4346-4AA6-1389-037BE0695223}
		{D8E9F0A1-2B3C-4D5E-9F8A-7B6C5D4E3F2A} = {0AB3BF05-4346-4AA6-1389-037BE0695223}
		{35354AE0-AC1E-494A-9B2E-0109D13CBEE1} = {971236E7-4A67-C57E-E08E-A8E6F00FC592}
	EndGlobalSection
	GlobalSection(ExtensibilityGlobals) = postSolution
		SolutionGuid = {07707E2A-0874-4EB4-A336-C7FEA6E5448E}
	EndGlobalSection
	GlobalSection(SharedMSBuildProjectFiles) = preSolution
		ext\Ara3D.IfcTypes\Ara3D.IfcTypes.projitems*{16dff50b-2e76-4a7a-9634-7c655c58f025}*SharedItemsImports = 13
		src\Plato.Intrinsics\Plato.Intrinsics.projitems*{1f13fb85-3985-48ec-83bc-5335a83a21d5}*SharedItemsImports = 13
		src\Plato.Generated\Plato.Generated.projitems*{34f6f04c-82cc-42cd-baa9-daa121802b19}*SharedItemsImports = 13
		ext\Ara3D.IfcTypes\Ara3D.IfcTypes.projitems*{70ecb1e8-9a8f-a442-da1c-7108b015a34e}*SharedItemsImports = 5
		src\Plato.Generated\Plato.Generated.projitems*{7484a1e6-c89d-47df-9c52-fc1a81a20c0a}*SharedItemsImports = 5
		src\Plato.Intrinsics\Plato.Intrinsics.projitems*{7484a1e6-c89d-47df-9c52-fc1a81a20c0a}*SharedItemsImports = 5
	EndGlobalSection
EndGlobal
